// !$*UTF8*$!
{
	archiveVersion = 1;
	classes = {
	};
	objectVersion = 56;
	objects = {

/* Begin PBXBuildFile section */
		4C2232402B7AA27A00058D82 /* MenuDelegate.swift in Sources */ = {isa = PBXBuildFile; fileRef = 4C22323F2B7AA27A00058D82 /* MenuDelegate.swift */; };
		4C2232422B7AA2D100058D82 /* SidebarMenuAssembly.swift in Sources */ = {isa = PBXBuildFile; fileRef = 4C2232412B7AA2D100058D82 /* SidebarMenuAssembly.swift */; };
		4C2232462B7AA5FD00058D82 /* SidebarContextMenu.swift in Sources */ = {isa = PBXBuildFile; fileRef = 4C2232452B7AA5FD00058D82 /* SidebarContextMenu.swift */; };
		4C22324A2B80ED3300058D82 /* TodosPredicate.swift in Sources */ = {isa = PBXBuildFile; fileRef = 4C2232492B80ED3300058D82 /* TodosPredicate.swift */; };
		4C22324C2B80ED4100058D82 /* TodosOrder.swift in Sources */ = {isa = PBXBuildFile; fileRef = 4C22324B2B80ED4100058D82 /* TodosOrder.swift */; };
		4C28412A2B6543E500BC4A9F /* main.swift in Sources */ = {isa = PBXBuildFile; fileRef = 4C2841292B6543E500BC4A9F /* main.swift */; };
		4C28412D2B6544BE00BC4A9F /* Router.swift in Sources */ = {isa = PBXBuildFile; fileRef = 4C28412C2B6544BE00BC4A9F /* Router.swift */; };
		4C2841302B6544F200BC4A9F /* NSWindow+Extension.swift in Sources */ = {isa = PBXBuildFile; fileRef = 4C28412F2B6544F200BC4A9F /* NSWindow+Extension.swift */; };
		4C2841332B65459F00BC4A9F /* SidebarViewController.swift in Sources */ = {isa = PBXBuildFile; fileRef = 4C2841322B65459F00BC4A9F /* SidebarViewController.swift */; };
		4C2841352B65483700BC4A9F /* SidebarItem.swift in Sources */ = {isa = PBXBuildFile; fileRef = 4C2841342B65483700BC4A9F /* SidebarItem.swift */; };
		4C2841372B654B9700BC4A9F /* Route.swift in Sources */ = {isa = PBXBuildFile; fileRef = 4C2841362B654B9700BC4A9F /* Route.swift */; };
		4C2841392B654C1400BC4A9F /* SidebarTableAdapter.swift in Sources */ = {isa = PBXBuildFile; fileRef = 4C2841382B654C1400BC4A9F /* SidebarTableAdapter.swift */; };
		4C28413D2B654D3A00BC4A9F /* LabelView.swift in Sources */ = {isa = PBXBuildFile; fileRef = 4C28413C2B654D3A00BC4A9F /* LabelView.swift */; };
		4C28413F2B654D7500BC4A9F /* LabelConfig.swift in Sources */ = {isa = PBXBuildFile; fileRef = 4C28413E2B654D7500BC4A9F /* LabelConfig.swift */; };
		4C2841412B65629B00BC4A9F /* SidebarPresenter.swift in Sources */ = {isa = PBXBuildFile; fileRef = 4C2841402B65629B00BC4A9F /* SidebarPresenter.swift */; };
		4C2841432B65657300BC4A9F /* SidebarAssembly.swift in Sources */ = {isa = PBXBuildFile; fileRef = 4C2841422B65657300BC4A9F /* SidebarAssembly.swift */; };
		4C2841472B65699500BC4A9F /* Coordinator.swift in Sources */ = {isa = PBXBuildFile; fileRef = 4C2841462B65699500BC4A9F /* Coordinator.swift */; };
		4C28414A2B656FF600BC4A9F /* TodosViewController.swift in Sources */ = {isa = PBXBuildFile; fileRef = 4C2841492B656FF600BC4A9F /* TodosViewController.swift */; };
		4C28414C2B65706C00BC4A9F /* TodosAssembly.swift in Sources */ = {isa = PBXBuildFile; fileRef = 4C28414B2B65706C00BC4A9F /* TodosAssembly.swift */; };
		4C2841572B65829B00BC4A9F /* List.swift in Sources */ = {isa = PBXBuildFile; fileRef = 4C2841562B65829B00BC4A9F /* List.swift */; };
		4C2841622B65A0EF00BC4A9F /* ViewState.swift in Sources */ = {isa = PBXBuildFile; fileRef = 4C2841612B65A0EF00BC4A9F /* ViewState.swift */; };
		4C2841642B65A11600BC4A9F /* ViewOutput.swift in Sources */ = {isa = PBXBuildFile; fileRef = 4C2841632B65A11600BC4A9F /* ViewOutput.swift */; };
		4C28416E2B6643C000BC4A9F /* TodoEntity.swift in Sources */ = {isa = PBXBuildFile; fileRef = 4C28416A2B6643C000BC4A9F /* TodoEntity.swift */; };
		4C2841702B6643C000BC4A9F /* ListEntity.swift in Sources */ = {isa = PBXBuildFile; fileRef = 4C28416C2B6643C000BC4A9F /* ListEntity.swift */; };
		4C2841722B667AFD00BC4A9F /* PersistentContainer.swift in Sources */ = {isa = PBXBuildFile; fileRef = 4C2841712B667AFD00BC4A9F /* PersistentContainer.swift */; };
		4C2841742B667BB200BC4A9F /* ListsDataProvider.swift in Sources */ = {isa = PBXBuildFile; fileRef = 4C2841732B667BB200BC4A9F /* ListsDataProvider.swift */; };
		4C28417E2B66D4D700BC4A9F /* ListsDataProviderMock.swift in Sources */ = {isa = PBXBuildFile; fileRef = 4C28417D2B66D4D700BC4A9F /* ListsDataProviderMock.swift */; };
		4C2841802B66D75D00BC4A9F /* PersistentContainerMock.swift in Sources */ = {isa = PBXBuildFile; fileRef = 4C28417F2B66D75D00BC4A9F /* PersistentContainerMock.swift */; };
		4C2841832B66DB0500BC4A9F /* List+Extension.swift in Sources */ = {isa = PBXBuildFile; fileRef = 4C2841822B66DB0500BC4A9F /* List+Extension.swift */; };
		4C2D5D9F2B71113B0078B6FF /* TitleDelegate.swift in Sources */ = {isa = PBXBuildFile; fileRef = 4C2D5D9E2B71113B0078B6FF /* TitleDelegate.swift */; };
		4C2D5DA12B7170360078B6FF /* InfoDelegateMock.swift in Sources */ = {isa = PBXBuildFile; fileRef = 4C2D5DA02B7170360078B6FF /* InfoDelegateMock.swift */; };
		4C3717FB2B5447440086B3D1 /* AppDelegate.swift in Sources */ = {isa = PBXBuildFile; fileRef = 4C3717FA2B5447440086B3D1 /* AppDelegate.swift */; };
		4C3718002B5447440086B3D1 /* Plan.xcdatamodeld in Sources */ = {isa = PBXBuildFile; fileRef = 4C3717FE2B5447440086B3D1 /* Plan.xcdatamodeld */; };
		4C3718022B5447450086B3D1 /* Assets.xcassets in Resources */ = {isa = PBXBuildFile; fileRef = 4C3718012B5447450086B3D1 /* Assets.xcassets */; };
		4C3718052B5447450086B3D1 /* Main.storyboard in Resources */ = {isa = PBXBuildFile; fileRef = 4C3718032B5447450086B3D1 /* Main.storyboard */; };
		4C37181A2B5447450086B3D1 /* PlanUITests.swift in Sources */ = {isa = PBXBuildFile; fileRef = 4C3718192B5447450086B3D1 /* PlanUITests.swift */; };
		4C37181C2B5447450086B3D1 /* PlanUITestsLaunchTests.swift in Sources */ = {isa = PBXBuildFile; fileRef = 4C37181B2B5447450086B3D1 /* PlanUITestsLaunchTests.swift */; };
		4C517AEB2B697684000E4DC1 /* TodosViewMock.swift in Sources */ = {isa = PBXBuildFile; fileRef = 4C517AEA2B697684000E4DC1 /* TodosViewMock.swift */; };
		4C517AEF2B6978C6000E4DC1 /* TodosInteractorMock.swift in Sources */ = {isa = PBXBuildFile; fileRef = 4C517AEE2B6978C6000E4DC1 /* TodosInteractorMock.swift */; };
		4C68259C2B5C300F000DDD07 /* Todo.swift in Sources */ = {isa = PBXBuildFile; fileRef = 4C68259B2B5C300F000DDD07 /* Todo.swift */; };
		4C6825A82B5C3817000DDD07 /* Dictionary+Extension.swift in Sources */ = {isa = PBXBuildFile; fileRef = 4C6825A72B5C3817000DDD07 /* Dictionary+Extension.swift */; };
		4C6825AD2B5D3760000DDD07 /* ViewConfiguration.swift in Sources */ = {isa = PBXBuildFile; fileRef = 4C6825AC2B5D3760000DDD07 /* ViewConfiguration.swift */; };
		4C6825AF2B5D379D000DDD07 /* ConfigurableView.swift in Sources */ = {isa = PBXBuildFile; fileRef = 4C6825AE2B5D379D000DDD07 /* ConfigurableView.swift */; };
		4C7708922B6819AF00847955 /* TodosPresenter.swift in Sources */ = {isa = PBXBuildFile; fileRef = 4C7708912B6819AF00847955 /* TodosPresenter.swift */; };
		4C7708942B681A2B00847955 /* TodosInteractor.swift in Sources */ = {isa = PBXBuildFile; fileRef = 4C7708932B681A2B00847955 /* TodosInteractor.swift */; };
		4C7708972B681EAA00847955 /* TodosTableAdapter.swift in Sources */ = {isa = PBXBuildFile; fileRef = 4C7708962B681EAA00847955 /* TodosTableAdapter.swift */; };
		4C7708992B681EF800847955 /* TodoCell.swift in Sources */ = {isa = PBXBuildFile; fileRef = 4C7708982B681EF800847955 /* TodoCell.swift */; };
		4C77089D2B68223200847955 /* TodoModel.swift in Sources */ = {isa = PBXBuildFile; fileRef = 4C77089C2B68223200847955 /* TodoModel.swift */; };
		4C7708A22B6966FD00847955 /* TodosInteractorTests.swift in Sources */ = {isa = PBXBuildFile; fileRef = 4C7708A12B6966FD00847955 /* TodosInteractorTests.swift */; };
		4C7708A42B69670C00847955 /* TodosPresenterTests.swift in Sources */ = {isa = PBXBuildFile; fileRef = 4C7708A32B69670C00847955 /* TodosPresenterTests.swift */; };
		4C7708A62B69678800847955 /* TodosPresenterMock.swift in Sources */ = {isa = PBXBuildFile; fileRef = 4C7708A52B69678800847955 /* TodosPresenterMock.swift */; };
		4C7708A82B69680300847955 /* TodosDataProviderMock.swift in Sources */ = {isa = PBXBuildFile; fileRef = 4C7708A72B69680300847955 /* TodosDataProviderMock.swift */; };
		4C7708AA2B6968B600847955 /* TodosDataProvider.swift in Sources */ = {isa = PBXBuildFile; fileRef = 4C7708A92B6968B600847955 /* TodosDataProvider.swift */; };
		4C7708AC2B69723300847955 /* Todo+Extension.swift in Sources */ = {isa = PBXBuildFile; fileRef = 4C7708AB2B69723300847955 /* Todo+Extension.swift */; };
		4C9103672B6D3A0400E7F03D /* StateProvider.swift in Sources */ = {isa = PBXBuildFile; fileRef = 4C9103662B6D3A0400E7F03D /* StateProvider.swift */; };
		4C9103722B6D54CE00E7F03D /* SidebarStateProviderProtocol.swift in Sources */ = {isa = PBXBuildFile; fileRef = 4C9103712B6D54CE00E7F03D /* SidebarStateProviderProtocol.swift */; };
		4C9103762B6D7D7800E7F03D /* SidebarStateProviderMock.swift in Sources */ = {isa = PBXBuildFile; fileRef = 4C9103752B6D7D7800E7F03D /* SidebarStateProviderMock.swift */; };
		4C9103782B6D7F1700E7F03D /* TodosStateProviderMock.swift in Sources */ = {isa = PBXBuildFile; fileRef = 4C9103772B6D7F1700E7F03D /* TodosStateProviderMock.swift */; };
		4C91037D2B6E44BF00E7F03D /* TodosFactory.swift in Sources */ = {isa = PBXBuildFile; fileRef = 4C91037C2B6E44BF00E7F03D /* TodosFactory.swift */; };
		4C91037F2B6E48D400E7F03D /* TodosFactoryMock.swift in Sources */ = {isa = PBXBuildFile; fileRef = 4C91037E2B6E48D400E7F03D /* TodosFactoryMock.swift */; };
		4C9103832B6E4B1B00E7F03D /* TodosFactoryTests.swift in Sources */ = {isa = PBXBuildFile; fileRef = 4C9103822B6E4B1B00E7F03D /* TodosFactoryTests.swift */; };
		4C9103882B6E885D00E7F03D /* MenuSupportable.swift in Sources */ = {isa = PBXBuildFile; fileRef = 4C9103872B6E885D00E7F03D /* MenuSupportable.swift */; };
		4C91038B2B6E99D900E7F03D /* MenuItem.swift in Sources */ = {isa = PBXBuildFile; fileRef = 4C91038A2B6E99D900E7F03D /* MenuItem.swift */; };
		4C91038D2B6E99EF00E7F03D /* MenuBuilder.swift in Sources */ = {isa = PBXBuildFile; fileRef = 4C91038C2B6E99EF00E7F03D /* MenuBuilder.swift */; };
		4C9103912B6E9A2D00E7F03D /* NSUserInterfaceItemIdentifier+Extension.swift in Sources */ = {isa = PBXBuildFile; fileRef = 4C9103902B6E9A2D00E7F03D /* NSUserInterfaceItemIdentifier+Extension.swift */; };
		4C9103932B6E9D3400E7F03D /* NSTableView+Extension.swift in Sources */ = {isa = PBXBuildFile; fileRef = 4C9103922B6E9D3400E7F03D /* NSTableView+Extension.swift */; };
		4C9103952B6EBAC600E7F03D /* TodosAction.swift in Sources */ = {isa = PBXBuildFile; fileRef = 4C9103942B6EBAC600E7F03D /* TodosAction.swift */; };
		4C9103972B6EBAEA00E7F03D /* TodoModification.swift in Sources */ = {isa = PBXBuildFile; fileRef = 4C9103962B6EBAEA00E7F03D /* TodoModification.swift */; };
		4C91039A2B6FB1C800E7F03D /* PlaceholderView.swift in Sources */ = {isa = PBXBuildFile; fileRef = 4C9103992B6FB1C800E7F03D /* PlaceholderView.swift */; };
		4C91039C2B6FB2BD00E7F03D /* TodosViewState.swift in Sources */ = {isa = PBXBuildFile; fileRef = 4C91039B2B6FB2BD00E7F03D /* TodosViewState.swift */; };
		4C91039F2B6FB5D800E7F03D /* EmptyContentViewController.swift in Sources */ = {isa = PBXBuildFile; fileRef = 4C91039E2B6FB5D800E7F03D /* EmptyContentViewController.swift */; };
		4C9103A12B6FB63800E7F03D /* EmptyContentViewState.swift in Sources */ = {isa = PBXBuildFile; fileRef = 4C9103A02B6FB63800E7F03D /* EmptyContentViewState.swift */; };
		4C9103A32B6FBAED00E7F03D /* EmptyContentAssembly.swift in Sources */ = {isa = PBXBuildFile; fileRef = 4C9103A22B6FBAED00E7F03D /* EmptyContentAssembly.swift */; };
		4C9103A52B6FBBE700E7F03D /* EmptyContentPresenter.swift in Sources */ = {isa = PBXBuildFile; fileRef = 4C9103A42B6FBBE700E7F03D /* EmptyContentPresenter.swift */; };
		4C9C15602B91031B00398331 /* TableItem.swift in Sources */ = {isa = PBXBuildFile; fileRef = 4C9C155F2B91031B00398331 /* TableItem.swift */; };
		4CAD55942B703469006BD687 /* InfoDelegate.swift in Sources */ = {isa = PBXBuildFile; fileRef = 4CAD55932B703469006BD687 /* InfoDelegate.swift */; };
		4CCEBB6A2B72B64000B57EF1 /* TodosMenuAssembly.swift in Sources */ = {isa = PBXBuildFile; fileRef = 4CCEBB692B72B64000B57EF1 /* TodosMenuAssembly.swift */; };
		4CCEBB6C2B72B67200B57EF1 /* TodosMenuPresenter.swift in Sources */ = {isa = PBXBuildFile; fileRef = 4CCEBB6B2B72B67200B57EF1 /* TodosMenuPresenter.swift */; };
		4CCEBB6E2B72B78500B57EF1 /* TodosContextMenu.swift in Sources */ = {isa = PBXBuildFile; fileRef = 4CCEBB6D2B72B78500B57EF1 /* TodosContextMenu.swift */; };
		4CCEBB872B76632D00B57EF1 /* NSView+Extension.swift in Sources */ = {isa = PBXBuildFile; fileRef = 4CCEBB862B76632D00B57EF1 /* NSView+Extension.swift */; };
		4CCEBBB02B778C6900B57EF1 /* SidebarInteractor.swift in Sources */ = {isa = PBXBuildFile; fileRef = 4CCEBBAF2B778C6900B57EF1 /* SidebarInteractor.swift */; };
		4CCEBBB42B77B07800B57EF1 /* SidebarSection.swift in Sources */ = {isa = PBXBuildFile; fileRef = 4CCEBBB32B77B07800B57EF1 /* SidebarSection.swift */; };
		4CCEBBB62B78E62600B57EF1 /* ListModification.swift in Sources */ = {isa = PBXBuildFile; fileRef = 4CCEBBB52B78E62600B57EF1 /* ListModification.swift */; };
		4CCEBBBB2B79398700B57EF1 /* SidebarPresenterTests.swift in Sources */ = {isa = PBXBuildFile; fileRef = 4CCEBBBA2B79398700B57EF1 /* SidebarPresenterTests.swift */; };
		4CCEBBBD2B79399700B57EF1 /* SidebarInteractorTests.swift in Sources */ = {isa = PBXBuildFile; fileRef = 4CCEBBBC2B79399700B57EF1 /* SidebarInteractorTests.swift */; };
		4CCEBBBF2B793AB200B57EF1 /* SidebarPresenterMock.swift in Sources */ = {isa = PBXBuildFile; fileRef = 4CCEBBBE2B793AB200B57EF1 /* SidebarPresenterMock.swift */; };
		4CCEBBC12B793F8400B57EF1 /* SidebarViewMock.swift in Sources */ = {isa = PBXBuildFile; fileRef = 4CCEBBC02B793F8400B57EF1 /* SidebarViewMock.swift */; };
		4CCEBBC32B79413100B57EF1 /* SidebarInteractorMock.swift in Sources */ = {isa = PBXBuildFile; fileRef = 4CCEBBC22B79413100B57EF1 /* SidebarInteractorMock.swift */; };
		4CCEBBC52B7942C000B57EF1 /* TitleDelegateMock.swift in Sources */ = {isa = PBXBuildFile; fileRef = 4CCEBBC42B7942C000B57EF1 /* TitleDelegateMock.swift */; };
		4CCEBBC72B79476200B57EF1 /* TodosStateProviderProtocol.swift in Sources */ = {isa = PBXBuildFile; fileRef = 4CCEBBC62B79476200B57EF1 /* TodosStateProviderProtocol.swift */; };
		4CCEBBC92B79571A00B57EF1 /* SidebarAction.swift in Sources */ = {isa = PBXBuildFile; fileRef = 4CCEBBC82B79571A00B57EF1 /* SidebarAction.swift */; };
/* End PBXBuildFile section */

/* Begin PBXContainerItemProxy section */
		4C37180C2B5447450086B3D1 /* PBXContainerItemProxy */ = {
			isa = PBXContainerItemProxy;
			containerPortal = 4C3717EF2B5447440086B3D1 /* Project object */;
			proxyType = 1;
			remoteGlobalIDString = 4C3717F62B5447440086B3D1;
			remoteInfo = Plan;
		};
		4C3718162B5447450086B3D1 /* PBXContainerItemProxy */ = {
			isa = PBXContainerItemProxy;
			containerPortal = 4C3717EF2B5447440086B3D1 /* Project object */;
			proxyType = 1;
			remoteGlobalIDString = 4C3717F62B5447440086B3D1;
			remoteInfo = Plan;
		};
/* End PBXContainerItemProxy section */

/* Begin PBXFileReference section */
		4C22323F2B7AA27A00058D82 /* MenuDelegate.swift */ = {isa = PBXFileReference; lastKnownFileType = sourcecode.swift; path = MenuDelegate.swift; sourceTree = "<group>"; };
		4C2232412B7AA2D100058D82 /* SidebarMenuAssembly.swift */ = {isa = PBXFileReference; lastKnownFileType = sourcecode.swift; path = SidebarMenuAssembly.swift; sourceTree = "<group>"; };
		4C2232452B7AA5FD00058D82 /* SidebarContextMenu.swift */ = {isa = PBXFileReference; lastKnownFileType = sourcecode.swift; path = SidebarContextMenu.swift; sourceTree = "<group>"; };
		4C2232492B80ED3300058D82 /* TodosPredicate.swift */ = {isa = PBXFileReference; lastKnownFileType = sourcecode.swift; path = TodosPredicate.swift; sourceTree = "<group>"; };
		4C22324B2B80ED4100058D82 /* TodosOrder.swift */ = {isa = PBXFileReference; lastKnownFileType = sourcecode.swift; path = TodosOrder.swift; sourceTree = "<group>"; };
		4C2841292B6543E500BC4A9F /* main.swift */ = {isa = PBXFileReference; lastKnownFileType = sourcecode.swift; path = main.swift; sourceTree = "<group>"; };
		4C28412C2B6544BE00BC4A9F /* Router.swift */ = {isa = PBXFileReference; lastKnownFileType = sourcecode.swift; path = Router.swift; sourceTree = "<group>"; };
		4C28412F2B6544F200BC4A9F /* NSWindow+Extension.swift */ = {isa = PBXFileReference; lastKnownFileType = sourcecode.swift; path = "NSWindow+Extension.swift"; sourceTree = "<group>"; };
		4C2841322B65459F00BC4A9F /* SidebarViewController.swift */ = {isa = PBXFileReference; lastKnownFileType = sourcecode.swift; path = SidebarViewController.swift; sourceTree = "<group>"; };
		4C2841342B65483700BC4A9F /* SidebarItem.swift */ = {isa = PBXFileReference; lastKnownFileType = sourcecode.swift; path = SidebarItem.swift; sourceTree = "<group>"; };
		4C2841362B654B9700BC4A9F /* Route.swift */ = {isa = PBXFileReference; lastKnownFileType = sourcecode.swift; path = Route.swift; sourceTree = "<group>"; };
		4C2841382B654C1400BC4A9F /* SidebarTableAdapter.swift */ = {isa = PBXFileReference; lastKnownFileType = sourcecode.swift; path = SidebarTableAdapter.swift; sourceTree = "<group>"; };
		4C28413C2B654D3A00BC4A9F /* LabelView.swift */ = {isa = PBXFileReference; lastKnownFileType = sourcecode.swift; path = LabelView.swift; sourceTree = "<group>"; };
		4C28413E2B654D7500BC4A9F /* LabelConfig.swift */ = {isa = PBXFileReference; lastKnownFileType = sourcecode.swift; path = LabelConfig.swift; sourceTree = "<group>"; };
		4C2841402B65629B00BC4A9F /* SidebarPresenter.swift */ = {isa = PBXFileReference; lastKnownFileType = sourcecode.swift; path = SidebarPresenter.swift; sourceTree = "<group>"; };
		4C2841422B65657300BC4A9F /* SidebarAssembly.swift */ = {isa = PBXFileReference; lastKnownFileType = sourcecode.swift; path = SidebarAssembly.swift; sourceTree = "<group>"; };
		4C2841462B65699500BC4A9F /* Coordinator.swift */ = {isa = PBXFileReference; lastKnownFileType = sourcecode.swift; path = Coordinator.swift; sourceTree = "<group>"; };
		4C2841492B656FF600BC4A9F /* TodosViewController.swift */ = {isa = PBXFileReference; lastKnownFileType = sourcecode.swift; path = TodosViewController.swift; sourceTree = "<group>"; };
		4C28414B2B65706C00BC4A9F /* TodosAssembly.swift */ = {isa = PBXFileReference; lastKnownFileType = sourcecode.swift; path = TodosAssembly.swift; sourceTree = "<group>"; };
		4C2841562B65829B00BC4A9F /* List.swift */ = {isa = PBXFileReference; lastKnownFileType = sourcecode.swift; path = List.swift; sourceTree = "<group>"; };
		4C2841612B65A0EF00BC4A9F /* ViewState.swift */ = {isa = PBXFileReference; lastKnownFileType = sourcecode.swift; path = ViewState.swift; sourceTree = "<group>"; };
		4C2841632B65A11600BC4A9F /* ViewOutput.swift */ = {isa = PBXFileReference; lastKnownFileType = sourcecode.swift; path = ViewOutput.swift; sourceTree = "<group>"; };
		4C28416A2B6643C000BC4A9F /* TodoEntity.swift */ = {isa = PBXFileReference; lastKnownFileType = sourcecode.swift; path = TodoEntity.swift; sourceTree = "<group>"; };
		4C28416C2B6643C000BC4A9F /* ListEntity.swift */ = {isa = PBXFileReference; lastKnownFileType = sourcecode.swift; path = ListEntity.swift; sourceTree = "<group>"; };
		4C2841712B667AFD00BC4A9F /* PersistentContainer.swift */ = {isa = PBXFileReference; lastKnownFileType = sourcecode.swift; path = PersistentContainer.swift; sourceTree = "<group>"; };
		4C2841732B667BB200BC4A9F /* ListsDataProvider.swift */ = {isa = PBXFileReference; lastKnownFileType = sourcecode.swift; path = ListsDataProvider.swift; sourceTree = "<group>"; };
		4C28417D2B66D4D700BC4A9F /* ListsDataProviderMock.swift */ = {isa = PBXFileReference; lastKnownFileType = sourcecode.swift; path = ListsDataProviderMock.swift; sourceTree = "<group>"; };
		4C28417F2B66D75D00BC4A9F /* PersistentContainerMock.swift */ = {isa = PBXFileReference; lastKnownFileType = sourcecode.swift; path = PersistentContainerMock.swift; sourceTree = "<group>"; };
		4C2841822B66DB0500BC4A9F /* List+Extension.swift */ = {isa = PBXFileReference; lastKnownFileType = sourcecode.swift; path = "List+Extension.swift"; sourceTree = "<group>"; };
		4C2D5D9E2B71113B0078B6FF /* TitleDelegate.swift */ = {isa = PBXFileReference; lastKnownFileType = sourcecode.swift; path = TitleDelegate.swift; sourceTree = "<group>"; };
		4C2D5DA02B7170360078B6FF /* InfoDelegateMock.swift */ = {isa = PBXFileReference; lastKnownFileType = sourcecode.swift; path = InfoDelegateMock.swift; sourceTree = "<group>"; };
		4C3717F72B5447440086B3D1 /* Plan.app */ = {isa = PBXFileReference; explicitFileType = wrapper.application; includeInIndex = 0; path = Plan.app; sourceTree = BUILT_PRODUCTS_DIR; };
		4C3717FA2B5447440086B3D1 /* AppDelegate.swift */ = {isa = PBXFileReference; lastKnownFileType = sourcecode.swift; path = AppDelegate.swift; sourceTree = "<group>"; };
		4C3717FF2B5447440086B3D1 /* Plan.xcdatamodel */ = {isa = PBXFileReference; lastKnownFileType = wrapper.xcdatamodel; path = Plan.xcdatamodel; sourceTree = "<group>"; };
		4C3718012B5447450086B3D1 /* Assets.xcassets */ = {isa = PBXFileReference; lastKnownFileType = folder.assetcatalog; path = Assets.xcassets; sourceTree = "<group>"; };
		4C3718042B5447450086B3D1 /* Base */ = {isa = PBXFileReference; lastKnownFileType = file.storyboard; name = Base; path = Base.lproj/Main.storyboard; sourceTree = "<group>"; };
		4C3718062B5447450086B3D1 /* Plan.entitlements */ = {isa = PBXFileReference; lastKnownFileType = text.plist.entitlements; path = Plan.entitlements; sourceTree = "<group>"; };
		4C37180B2B5447450086B3D1 /* PlanTests.xctest */ = {isa = PBXFileReference; explicitFileType = wrapper.cfbundle; includeInIndex = 0; path = PlanTests.xctest; sourceTree = BUILT_PRODUCTS_DIR; };
		4C3718152B5447450086B3D1 /* PlanUITests.xctest */ = {isa = PBXFileReference; explicitFileType = wrapper.cfbundle; includeInIndex = 0; path = PlanUITests.xctest; sourceTree = BUILT_PRODUCTS_DIR; };
		4C3718192B5447450086B3D1 /* PlanUITests.swift */ = {isa = PBXFileReference; lastKnownFileType = sourcecode.swift; path = PlanUITests.swift; sourceTree = "<group>"; };
		4C37181B2B5447450086B3D1 /* PlanUITestsLaunchTests.swift */ = {isa = PBXFileReference; lastKnownFileType = sourcecode.swift; path = PlanUITestsLaunchTests.swift; sourceTree = "<group>"; };
		4C517AEA2B697684000E4DC1 /* TodosViewMock.swift */ = {isa = PBXFileReference; lastKnownFileType = sourcecode.swift; path = TodosViewMock.swift; sourceTree = "<group>"; };
		4C517AEE2B6978C6000E4DC1 /* TodosInteractorMock.swift */ = {isa = PBXFileReference; lastKnownFileType = sourcecode.swift; path = TodosInteractorMock.swift; sourceTree = "<group>"; };
		4C68259B2B5C300F000DDD07 /* Todo.swift */ = {isa = PBXFileReference; lastKnownFileType = sourcecode.swift; path = Todo.swift; sourceTree = "<group>"; };
		4C6825A72B5C3817000DDD07 /* Dictionary+Extension.swift */ = {isa = PBXFileReference; lastKnownFileType = sourcecode.swift; path = "Dictionary+Extension.swift"; sourceTree = "<group>"; };
		4C6825AC2B5D3760000DDD07 /* ViewConfiguration.swift */ = {isa = PBXFileReference; lastKnownFileType = sourcecode.swift; path = ViewConfiguration.swift; sourceTree = "<group>"; };
		4C6825AE2B5D379D000DDD07 /* ConfigurableView.swift */ = {isa = PBXFileReference; lastKnownFileType = sourcecode.swift; path = ConfigurableView.swift; sourceTree = "<group>"; };
		4C7708912B6819AF00847955 /* TodosPresenter.swift */ = {isa = PBXFileReference; lastKnownFileType = sourcecode.swift; path = TodosPresenter.swift; sourceTree = "<group>"; };
		4C7708932B681A2B00847955 /* TodosInteractor.swift */ = {isa = PBXFileReference; lastKnownFileType = sourcecode.swift; path = TodosInteractor.swift; sourceTree = "<group>"; };
		4C7708962B681EAA00847955 /* TodosTableAdapter.swift */ = {isa = PBXFileReference; lastKnownFileType = sourcecode.swift; path = TodosTableAdapter.swift; sourceTree = "<group>"; };
		4C7708982B681EF800847955 /* TodoCell.swift */ = {isa = PBXFileReference; lastKnownFileType = sourcecode.swift; path = TodoCell.swift; sourceTree = "<group>"; };
		4C77089C2B68223200847955 /* TodoModel.swift */ = {isa = PBXFileReference; lastKnownFileType = sourcecode.swift; path = TodoModel.swift; sourceTree = "<group>"; };
		4C7708A12B6966FD00847955 /* TodosInteractorTests.swift */ = {isa = PBXFileReference; lastKnownFileType = sourcecode.swift; path = TodosInteractorTests.swift; sourceTree = "<group>"; };
		4C7708A32B69670C00847955 /* TodosPresenterTests.swift */ = {isa = PBXFileReference; lastKnownFileType = sourcecode.swift; path = TodosPresenterTests.swift; sourceTree = "<group>"; };
		4C7708A52B69678800847955 /* TodosPresenterMock.swift */ = {isa = PBXFileReference; lastKnownFileType = sourcecode.swift; path = TodosPresenterMock.swift; sourceTree = "<group>"; };
		4C7708A72B69680300847955 /* TodosDataProviderMock.swift */ = {isa = PBXFileReference; lastKnownFileType = sourcecode.swift; path = TodosDataProviderMock.swift; sourceTree = "<group>"; };
		4C7708A92B6968B600847955 /* TodosDataProvider.swift */ = {isa = PBXFileReference; lastKnownFileType = sourcecode.swift; path = TodosDataProvider.swift; sourceTree = "<group>"; };
		4C7708AB2B69723300847955 /* Todo+Extension.swift */ = {isa = PBXFileReference; lastKnownFileType = sourcecode.swift; path = "Todo+Extension.swift"; sourceTree = "<group>"; };
		4C9103662B6D3A0400E7F03D /* StateProvider.swift */ = {isa = PBXFileReference; lastKnownFileType = sourcecode.swift; path = StateProvider.swift; sourceTree = "<group>"; };
		4C9103712B6D54CE00E7F03D /* SidebarStateProviderProtocol.swift */ = {isa = PBXFileReference; lastKnownFileType = sourcecode.swift; path = SidebarStateProviderProtocol.swift; sourceTree = "<group>"; };
		4C9103752B6D7D7800E7F03D /* SidebarStateProviderMock.swift */ = {isa = PBXFileReference; lastKnownFileType = sourcecode.swift; path = SidebarStateProviderMock.swift; sourceTree = "<group>"; };
		4C9103772B6D7F1700E7F03D /* TodosStateProviderMock.swift */ = {isa = PBXFileReference; lastKnownFileType = sourcecode.swift; path = TodosStateProviderMock.swift; sourceTree = "<group>"; };
		4C91037C2B6E44BF00E7F03D /* TodosFactory.swift */ = {isa = PBXFileReference; lastKnownFileType = sourcecode.swift; path = TodosFactory.swift; sourceTree = "<group>"; };
		4C91037E2B6E48D400E7F03D /* TodosFactoryMock.swift */ = {isa = PBXFileReference; lastKnownFileType = sourcecode.swift; path = TodosFactoryMock.swift; sourceTree = "<group>"; };
		4C9103822B6E4B1B00E7F03D /* TodosFactoryTests.swift */ = {isa = PBXFileReference; lastKnownFileType = sourcecode.swift; path = TodosFactoryTests.swift; sourceTree = "<group>"; };
		4C9103872B6E885D00E7F03D /* MenuSupportable.swift */ = {isa = PBXFileReference; lastKnownFileType = sourcecode.swift; path = MenuSupportable.swift; sourceTree = "<group>"; };
		4C91038A2B6E99D900E7F03D /* MenuItem.swift */ = {isa = PBXFileReference; lastKnownFileType = sourcecode.swift; path = MenuItem.swift; sourceTree = "<group>"; };
		4C91038C2B6E99EF00E7F03D /* MenuBuilder.swift */ = {isa = PBXFileReference; lastKnownFileType = sourcecode.swift; path = MenuBuilder.swift; sourceTree = "<group>"; };
		4C9103902B6E9A2D00E7F03D /* NSUserInterfaceItemIdentifier+Extension.swift */ = {isa = PBXFileReference; lastKnownFileType = sourcecode.swift; path = "NSUserInterfaceItemIdentifier+Extension.swift"; sourceTree = "<group>"; };
		4C9103922B6E9D3400E7F03D /* NSTableView+Extension.swift */ = {isa = PBXFileReference; lastKnownFileType = sourcecode.swift; path = "NSTableView+Extension.swift"; sourceTree = "<group>"; };
		4C9103942B6EBAC600E7F03D /* TodosAction.swift */ = {isa = PBXFileReference; lastKnownFileType = sourcecode.swift; path = TodosAction.swift; sourceTree = "<group>"; };
		4C9103962B6EBAEA00E7F03D /* TodoModification.swift */ = {isa = PBXFileReference; lastKnownFileType = sourcecode.swift; path = TodoModification.swift; sourceTree = "<group>"; };
		4C9103992B6FB1C800E7F03D /* PlaceholderView.swift */ = {isa = PBXFileReference; lastKnownFileType = sourcecode.swift; path = PlaceholderView.swift; sourceTree = "<group>"; };
		4C91039B2B6FB2BD00E7F03D /* TodosViewState.swift */ = {isa = PBXFileReference; lastKnownFileType = sourcecode.swift; path = TodosViewState.swift; sourceTree = "<group>"; };
		4C91039E2B6FB5D800E7F03D /* EmptyContentViewController.swift */ = {isa = PBXFileReference; lastKnownFileType = sourcecode.swift; path = EmptyContentViewController.swift; sourceTree = "<group>"; };
		4C9103A02B6FB63800E7F03D /* EmptyContentViewState.swift */ = {isa = PBXFileReference; lastKnownFileType = sourcecode.swift; path = EmptyContentViewState.swift; sourceTree = "<group>"; };
		4C9103A22B6FBAED00E7F03D /* EmptyContentAssembly.swift */ = {isa = PBXFileReference; lastKnownFileType = sourcecode.swift; path = EmptyContentAssembly.swift; sourceTree = "<group>"; };
		4C9103A42B6FBBE700E7F03D /* EmptyContentPresenter.swift */ = {isa = PBXFileReference; lastKnownFileType = sourcecode.swift; path = EmptyContentPresenter.swift; sourceTree = "<group>"; };
		4C9C155F2B91031B00398331 /* TableItem.swift */ = {isa = PBXFileReference; lastKnownFileType = sourcecode.swift; path = TableItem.swift; sourceTree = "<group>"; };
		4CAD55932B703469006BD687 /* InfoDelegate.swift */ = {isa = PBXFileReference; lastKnownFileType = sourcecode.swift; path = InfoDelegate.swift; sourceTree = "<group>"; };
		4CCEBB692B72B64000B57EF1 /* TodosMenuAssembly.swift */ = {isa = PBXFileReference; lastKnownFileType = sourcecode.swift; path = TodosMenuAssembly.swift; sourceTree = "<group>"; };
		4CCEBB6B2B72B67200B57EF1 /* TodosMenuPresenter.swift */ = {isa = PBXFileReference; lastKnownFileType = sourcecode.swift; path = TodosMenuPresenter.swift; sourceTree = "<group>"; };
		4CCEBB6D2B72B78500B57EF1 /* TodosContextMenu.swift */ = {isa = PBXFileReference; lastKnownFileType = sourcecode.swift; path = TodosContextMenu.swift; sourceTree = "<group>"; };
		4CCEBB862B76632D00B57EF1 /* NSView+Extension.swift */ = {isa = PBXFileReference; lastKnownFileType = sourcecode.swift; path = "NSView+Extension.swift"; sourceTree = "<group>"; };
		4CCEBBAF2B778C6900B57EF1 /* SidebarInteractor.swift */ = {isa = PBXFileReference; lastKnownFileType = sourcecode.swift; path = SidebarInteractor.swift; sourceTree = "<group>"; };
		4CCEBBB32B77B07800B57EF1 /* SidebarSection.swift */ = {isa = PBXFileReference; lastKnownFileType = sourcecode.swift; path = SidebarSection.swift; sourceTree = "<group>"; };
		4CCEBBB52B78E62600B57EF1 /* ListModification.swift */ = {isa = PBXFileReference; lastKnownFileType = sourcecode.swift; path = ListModification.swift; sourceTree = "<group>"; };
		4CCEBBBA2B79398700B57EF1 /* SidebarPresenterTests.swift */ = {isa = PBXFileReference; lastKnownFileType = sourcecode.swift; path = SidebarPresenterTests.swift; sourceTree = "<group>"; };
		4CCEBBBC2B79399700B57EF1 /* SidebarInteractorTests.swift */ = {isa = PBXFileReference; lastKnownFileType = sourcecode.swift; path = SidebarInteractorTests.swift; sourceTree = "<group>"; };
		4CCEBBBE2B793AB200B57EF1 /* SidebarPresenterMock.swift */ = {isa = PBXFileReference; lastKnownFileType = sourcecode.swift; path = SidebarPresenterMock.swift; sourceTree = "<group>"; };
		4CCEBBC02B793F8400B57EF1 /* SidebarViewMock.swift */ = {isa = PBXFileReference; lastKnownFileType = sourcecode.swift; path = SidebarViewMock.swift; sourceTree = "<group>"; };
		4CCEBBC22B79413100B57EF1 /* SidebarInteractorMock.swift */ = {isa = PBXFileReference; lastKnownFileType = sourcecode.swift; path = SidebarInteractorMock.swift; sourceTree = "<group>"; };
		4CCEBBC42B7942C000B57EF1 /* TitleDelegateMock.swift */ = {isa = PBXFileReference; lastKnownFileType = sourcecode.swift; path = TitleDelegateMock.swift; sourceTree = "<group>"; };
		4CCEBBC62B79476200B57EF1 /* TodosStateProviderProtocol.swift */ = {isa = PBXFileReference; lastKnownFileType = sourcecode.swift; path = TodosStateProviderProtocol.swift; sourceTree = "<group>"; };
		4CCEBBC82B79571A00B57EF1 /* SidebarAction.swift */ = {isa = PBXFileReference; lastKnownFileType = sourcecode.swift; path = SidebarAction.swift; sourceTree = "<group>"; };
/* End PBXFileReference section */

/* Begin PBXFrameworksBuildPhase section */
		4C3717F42B5447440086B3D1 /* Frameworks */ = {
			isa = PBXFrameworksBuildPhase;
			buildActionMask = 2147483647;
			files = (
			);
			runOnlyForDeploymentPostprocessing = 0;
		};
		4C3718082B5447450086B3D1 /* Frameworks */ = {
			isa = PBXFrameworksBuildPhase;
			buildActionMask = 2147483647;
			files = (
			);
			runOnlyForDeploymentPostprocessing = 0;
		};
		4C3718122B5447450086B3D1 /* Frameworks */ = {
			isa = PBXFrameworksBuildPhase;
			buildActionMask = 2147483647;
			files = (
			);
			runOnlyForDeploymentPostprocessing = 0;
		};
/* End PBXFrameworksBuildPhase section */

/* Begin PBXGroup section */
		4C22323C2B7AA21500058D82 /* Menu */ = {
			isa = PBXGroup;
			children = (
				4C2232412B7AA2D100058D82 /* SidebarMenuAssembly.swift */,
				4C2232452B7AA5FD00058D82 /* SidebarContextMenu.swift */,
			);
			path = Menu;
			sourceTree = "<group>";
		};
		4C28412B2B6544A400BC4A9F /* App */ = {
			isa = PBXGroup;
			children = (
				4C2841362B654B9700BC4A9F /* Route.swift */,
				4C28412C2B6544BE00BC4A9F /* Router.swift */,
				4C2841462B65699500BC4A9F /* Coordinator.swift */,
				4C9103662B6D3A0400E7F03D /* StateProvider.swift */,
				4CAD55932B703469006BD687 /* InfoDelegate.swift */,
				4C2D5D9E2B71113B0078B6FF /* TitleDelegate.swift */,
			);
			path = App;
			sourceTree = "<group>";
		};
		4C28412E2B6544DA00BC4A9F /* Extenstions */ = {
			isa = PBXGroup;
			children = (
				4C28412F2B6544F200BC4A9F /* NSWindow+Extension.swift */,
				4C9103922B6E9D3400E7F03D /* NSTableView+Extension.swift */,
				4CCEBB862B76632D00B57EF1 /* NSView+Extension.swift */,
			);
			path = Extenstions;
			sourceTree = "<group>";
		};
		4C2841312B65457E00BC4A9F /* Sidebar */ = {
			isa = PBXGroup;
			children = (
				4C22323C2B7AA21500058D82 /* Menu */,
				4C9103702B6D54C100E7F03D /* State */,
				4C28413A2B654D1A00BC4A9F /* Cels */,
				4C2841422B65657300BC4A9F /* SidebarAssembly.swift */,
				4C2841402B65629B00BC4A9F /* SidebarPresenter.swift */,
				4CCEBBAF2B778C6900B57EF1 /* SidebarInteractor.swift */,
				4C2841322B65459F00BC4A9F /* SidebarViewController.swift */,
				4C2841382B654C1400BC4A9F /* SidebarTableAdapter.swift */,
				4C2841342B65483700BC4A9F /* SidebarItem.swift */,
				4CCEBBB32B77B07800B57EF1 /* SidebarSection.swift */,
				4CCEBBC82B79571A00B57EF1 /* SidebarAction.swift */,
			);
			path = Sidebar;
			sourceTree = "<group>";
		};
		4C28413A2B654D1A00BC4A9F /* Cels */ = {
			isa = PBXGroup;
			children = (
				4C28413B2B654D2100BC4A9F /* Label */,
			);
			path = Cels;
			sourceTree = "<group>";
		};
		4C28413B2B654D2100BC4A9F /* Label */ = {
			isa = PBXGroup;
			children = (
				4C28413C2B654D3A00BC4A9F /* LabelView.swift */,
				4C28413E2B654D7500BC4A9F /* LabelConfig.swift */,
			);
			path = Label;
			sourceTree = "<group>";
		};
		4C2841482B656FD800BC4A9F /* TodosModule */ = {
			isa = PBXGroup;
			children = (
				4CCEBB682B72B61F00B57EF1 /* Menu */,
				4C9103682B6D506400E7F03D /* State */,
				4C7708952B681CE800847955 /* Cells */,
				4C2841492B656FF600BC4A9F /* TodosViewController.swift */,
				4C9C155F2B91031B00398331 /* TableItem.swift */,
				4C7708962B681EAA00847955 /* TodosTableAdapter.swift */,
				4C28414B2B65706C00BC4A9F /* TodosAssembly.swift */,
				4C7708912B6819AF00847955 /* TodosPresenter.swift */,
				4C7708932B681A2B00847955 /* TodosInteractor.swift */,
				4C91037C2B6E44BF00E7F03D /* TodosFactory.swift */,
				4C9103942B6EBAC600E7F03D /* TodosAction.swift */,
			);
			path = TodosModule;
			sourceTree = "<group>";
		};
		4C2841652B66438F00BC4A9F /* Services */ = {
			isa = PBXGroup;
			children = (
				4C2232492B80ED3300058D82 /* TodosPredicate.swift */,
				4C22324B2B80ED4100058D82 /* TodosOrder.swift */,
				4C2841662B66439A00BC4A9F /* Storage */,
			);
			path = Services;
			sourceTree = "<group>";
		};
		4C2841662B66439A00BC4A9F /* Storage */ = {
			isa = PBXGroup;
			children = (
				4C2841712B667AFD00BC4A9F /* PersistentContainer.swift */,
				4C2841732B667BB200BC4A9F /* ListsDataProvider.swift */,
				4C7708A92B6968B600847955 /* TodosDataProvider.swift */,
				4C9103962B6EBAEA00E7F03D /* TodoModification.swift */,
				4CCEBBB52B78E62600B57EF1 /* ListModification.swift */,
				4C2841672B6643A200BC4A9F /* CoreData */,
			);
			path = Storage;
			sourceTree = "<group>";
		};
		4C2841672B6643A200BC4A9F /* CoreData */ = {
			isa = PBXGroup;
			children = (
				4C3717FE2B5447440086B3D1 /* Plan.xcdatamodeld */,
				4C2841682B6643AB00BC4A9F /* Entities */,
			);
			path = CoreData;
			sourceTree = "<group>";
		};
		4C2841682B6643AB00BC4A9F /* Entities */ = {
			isa = PBXGroup;
			children = (
				4C28416A2B6643C000BC4A9F /* TodoEntity.swift */,
				4C28416C2B6643C000BC4A9F /* ListEntity.swift */,
			);
			path = Entities;
			sourceTree = "<group>";
		};
		4C2841752B66D0F200BC4A9F /* Modules */ = {
			isa = PBXGroup;
			children = (
				4CCEBBB72B79392200B57EF1 /* Sidebar */,
				4C77089E2B69662800847955 /* Todos */,
			);
			path = Modules;
			sourceTree = "<group>";
		};
		4C2841812B66DAEB00BC4A9F /* Extentions */ = {
			isa = PBXGroup;
			children = (
				4C2841822B66DB0500BC4A9F /* List+Extension.swift */,
				4C7708AB2B69723300847955 /* Todo+Extension.swift */,
			);
			path = Extentions;
			sourceTree = "<group>";
		};
		4C3717EE2B5447440086B3D1 = {
			isa = PBXGroup;
			children = (
				4C3717F92B5447440086B3D1 /* Plan */,
				4C37180E2B5447450086B3D1 /* PlanTests */,
				4C3718182B5447450086B3D1 /* PlanUITests */,
				4C3717F82B5447440086B3D1 /* Products */,
			);
			sourceTree = "<group>";
		};
		4C3717F82B5447440086B3D1 /* Products */ = {
			isa = PBXGroup;
			children = (
				4C3717F72B5447440086B3D1 /* Plan.app */,
				4C37180B2B5447450086B3D1 /* PlanTests.xctest */,
				4C3718152B5447450086B3D1 /* PlanUITests.xctest */,
			);
			name = Products;
			sourceTree = "<group>";
		};
		4C3717F92B5447440086B3D1 /* Plan */ = {
			isa = PBXGroup;
			children = (
				4C2841292B6543E500BC4A9F /* main.swift */,
				4C3717FA2B5447440086B3D1 /* AppDelegate.swift */,
				4C6825982B5C2FF2000DDD07 /* Common */,
				4C2841652B66438F00BC4A9F /* Services */,
				4C6825AB2B5D36CA000DDD07 /* Design System */,
				4C3718282B5447740086B3D1 /* Modules */,
				4C3718012B5447450086B3D1 /* Assets.xcassets */,
				4C3718032B5447450086B3D1 /* Main.storyboard */,
				4C3718062B5447450086B3D1 /* Plan.entitlements */,
			);
			path = Plan;
			sourceTree = "<group>";
		};
		4C37180E2B5447450086B3D1 /* PlanTests */ = {
			isa = PBXGroup;
			children = (
				4C517AEC2B697890000E4DC1 /* Common */,
				4C2841812B66DAEB00BC4A9F /* Extentions */,
				4C2841752B66D0F200BC4A9F /* Modules */,
			);
			path = PlanTests;
			sourceTree = "<group>";
		};
		4C3718182B5447450086B3D1 /* PlanUITests */ = {
			isa = PBXGroup;
			children = (
				4C3718192B5447450086B3D1 /* PlanUITests.swift */,
				4C37181B2B5447450086B3D1 /* PlanUITestsLaunchTests.swift */,
			);
			path = PlanUITests;
			sourceTree = "<group>";
		};
		4C3718282B5447740086B3D1 /* Modules */ = {
			isa = PBXGroup;
			children = (
				4C28412B2B6544A400BC4A9F /* App */,
				4C2841312B65457E00BC4A9F /* Sidebar */,
				4C2841482B656FD800BC4A9F /* TodosModule */,
				4C91039D2B6FB5B300E7F03D /* EmptyContent */,
			);
			path = Modules;
			sourceTree = "<group>";
		};
		4C517AEC2B697890000E4DC1 /* Common */ = {
			isa = PBXGroup;
			children = (
				4C9103812B6E4B0D00E7F03D /* Tests */,
				4C517AED2B69789B000E4DC1 /* Mocks */,
			);
			path = Common;
			sourceTree = "<group>";
		};
		4C517AED2B69789B000E4DC1 /* Mocks */ = {
			isa = PBXGroup;
			children = (
				4C28417F2B66D75D00BC4A9F /* PersistentContainerMock.swift */,
				4C28417D2B66D4D700BC4A9F /* ListsDataProviderMock.swift */,
				4C7708A72B69680300847955 /* TodosDataProviderMock.swift */,
				4C91037E2B6E48D400E7F03D /* TodosFactoryMock.swift */,
				4C2D5DA02B7170360078B6FF /* InfoDelegateMock.swift */,
				4CCEBBC42B7942C000B57EF1 /* TitleDelegateMock.swift */,
			);
			path = Mocks;
			sourceTree = "<group>";
		};
		4C6825982B5C2FF2000DDD07 /* Common */ = {
			isa = PBXGroup;
			children = (
				4C6825A62B5C3802000DDD07 /* Extensions */,
				4C91037B2B6D825B00E7F03D /* Models */,
				4C2841612B65A0EF00BC4A9F /* ViewState.swift */,
				4C2841632B65A11600BC4A9F /* ViewOutput.swift */,
			);
			path = Common;
			sourceTree = "<group>";
		};
		4C6825A62B5C3802000DDD07 /* Extensions */ = {
			isa = PBXGroup;
			children = (
				4C6825A72B5C3817000DDD07 /* Dictionary+Extension.swift */,
			);
			path = Extensions;
			sourceTree = "<group>";
		};
		4C6825AB2B5D36CA000DDD07 /* Design System */ = {
			isa = PBXGroup;
			children = (
				4C9103982B6FB1BF00E7F03D /* Views */,
				4C9103892B6E886200E7F03D /* Menu */,
				4C28412E2B6544DA00BC4A9F /* Extenstions */,
				4C6825B02B5EB033000DDD07 /* Common */,
			);
			path = "Design System";
			sourceTree = "<group>";
		};
		4C6825B02B5EB033000DDD07 /* Common */ = {
			isa = PBXGroup;
			children = (
				4C6825AE2B5D379D000DDD07 /* ConfigurableView.swift */,
				4C6825AC2B5D3760000DDD07 /* ViewConfiguration.swift */,
			);
			path = Common;
			sourceTree = "<group>";
		};
		4C7708952B681CE800847955 /* Cells */ = {
			isa = PBXGroup;
			children = (
				4C7708982B681EF800847955 /* TodoCell.swift */,
				4C77089C2B68223200847955 /* TodoModel.swift */,
			);
			path = Cells;
			sourceTree = "<group>";
		};
		4C77089E2B69662800847955 /* Todos */ = {
			isa = PBXGroup;
			children = (
				4C7708A02B69663900847955 /* Tests */,
				4C77089F2B69663300847955 /* Mocks */,
			);
			path = Todos;
			sourceTree = "<group>";
		};
		4C77089F2B69663300847955 /* Mocks */ = {
			isa = PBXGroup;
			children = (
				4C7708A52B69678800847955 /* TodosPresenterMock.swift */,
				4C517AEA2B697684000E4DC1 /* TodosViewMock.swift */,
				4C517AEE2B6978C6000E4DC1 /* TodosInteractorMock.swift */,
				4C9103772B6D7F1700E7F03D /* TodosStateProviderMock.swift */,
			);
			path = Mocks;
			sourceTree = "<group>";
		};
		4C7708A02B69663900847955 /* Tests */ = {
			isa = PBXGroup;
			children = (
				4C7708A12B6966FD00847955 /* TodosInteractorTests.swift */,
				4C7708A32B69670C00847955 /* TodosPresenterTests.swift */,
			);
			path = Tests;
			sourceTree = "<group>";
		};
		4C9103682B6D506400E7F03D /* State */ = {
			isa = PBXGroup;
			children = (
				4C91039B2B6FB2BD00E7F03D /* TodosViewState.swift */,
				4CCEBBC62B79476200B57EF1 /* TodosStateProviderProtocol.swift */,
			);
			path = State;
			sourceTree = "<group>";
		};
		4C9103702B6D54C100E7F03D /* State */ = {
			isa = PBXGroup;
			children = (
				4C9103712B6D54CE00E7F03D /* SidebarStateProviderProtocol.swift */,
			);
			path = State;
			sourceTree = "<group>";
		};
		4C91037B2B6D825B00E7F03D /* Models */ = {
			isa = PBXGroup;
			children = (
				4C68259B2B5C300F000DDD07 /* Todo.swift */,
				4C2841562B65829B00BC4A9F /* List.swift */,
			);
			path = Models;
			sourceTree = "<group>";
		};
		4C9103812B6E4B0D00E7F03D /* Tests */ = {
			isa = PBXGroup;
			children = (
				4C9103822B6E4B1B00E7F03D /* TodosFactoryTests.swift */,
			);
			path = Tests;
			sourceTree = "<group>";
		};
		4C9103892B6E886200E7F03D /* Menu */ = {
			isa = PBXGroup;
			children = (
				4C9103872B6E885D00E7F03D /* MenuSupportable.swift */,
				4C91038A2B6E99D900E7F03D /* MenuItem.swift */,
				4C91038C2B6E99EF00E7F03D /* MenuBuilder.swift */,
				4C9103902B6E9A2D00E7F03D /* NSUserInterfaceItemIdentifier+Extension.swift */,
				4C22323F2B7AA27A00058D82 /* MenuDelegate.swift */,
			);
			path = Menu;
			sourceTree = "<group>";
		};
		4C9103982B6FB1BF00E7F03D /* Views */ = {
			isa = PBXGroup;
			children = (
				4C9103992B6FB1C800E7F03D /* PlaceholderView.swift */,
			);
			path = Views;
			sourceTree = "<group>";
		};
		4C91039D2B6FB5B300E7F03D /* EmptyContent */ = {
			isa = PBXGroup;
			children = (
				4C91039E2B6FB5D800E7F03D /* EmptyContentViewController.swift */,
				4C9103A02B6FB63800E7F03D /* EmptyContentViewState.swift */,
				4C9103A22B6FBAED00E7F03D /* EmptyContentAssembly.swift */,
				4C9103A42B6FBBE700E7F03D /* EmptyContentPresenter.swift */,
			);
			path = EmptyContent;
			sourceTree = "<group>";
		};
		4CCEBB682B72B61F00B57EF1 /* Menu */ = {
			isa = PBXGroup;
			children = (
				4CCEBB692B72B64000B57EF1 /* TodosMenuAssembly.swift */,
				4CCEBB6B2B72B67200B57EF1 /* TodosMenuPresenter.swift */,
				4CCEBB6D2B72B78500B57EF1 /* TodosContextMenu.swift */,
			);
			path = Menu;
			sourceTree = "<group>";
		};
		4CCEBBB72B79392200B57EF1 /* Sidebar */ = {
			isa = PBXGroup;
			children = (
				4CCEBBB82B79392B00B57EF1 /* Mocks */,
				4CCEBBB92B79393000B57EF1 /* Tests */,
			);
			path = Sidebar;
			sourceTree = "<group>";
		};
		4CCEBBB82B79392B00B57EF1 /* Mocks */ = {
			isa = PBXGroup;
			children = (
				4CCEBBBE2B793AB200B57EF1 /* SidebarPresenterMock.swift */,
				4CCEBBC02B793F8400B57EF1 /* SidebarViewMock.swift */,
				4CCEBBC22B79413100B57EF1 /* SidebarInteractorMock.swift */,
				4C9103752B6D7D7800E7F03D /* SidebarStateProviderMock.swift */,
			);
			path = Mocks;
			sourceTree = "<group>";
		};
		4CCEBBB92B79393000B57EF1 /* Tests */ = {
			isa = PBXGroup;
			children = (
				4CCEBBBA2B79398700B57EF1 /* SidebarPresenterTests.swift */,
				4CCEBBBC2B79399700B57EF1 /* SidebarInteractorTests.swift */,
			);
			path = Tests;
			sourceTree = "<group>";
		};
/* End PBXGroup section */

/* Begin PBXNativeTarget section */
		4C3717F62B5447440086B3D1 /* Plan */ = {
			isa = PBXNativeTarget;
			buildConfigurationList = 4C37181F2B5447450086B3D1 /* Build configuration list for PBXNativeTarget "Plan" */;
			buildPhases = (
				4C3717F32B5447440086B3D1 /* Sources */,
				4C3717F42B5447440086B3D1 /* Frameworks */,
				4C3717F52B5447440086B3D1 /* Resources */,
			);
			buildRules = (
			);
			dependencies = (
			);
			name = Plan;
			productName = Plan;
			productReference = 4C3717F72B5447440086B3D1 /* Plan.app */;
			productType = "com.apple.product-type.application";
		};
		4C37180A2B5447450086B3D1 /* PlanTests */ = {
			isa = PBXNativeTarget;
			buildConfigurationList = 4C3718222B5447450086B3D1 /* Build configuration list for PBXNativeTarget "PlanTests" */;
			buildPhases = (
				4C3718072B5447450086B3D1 /* Sources */,
				4C3718082B5447450086B3D1 /* Frameworks */,
				4C3718092B5447450086B3D1 /* Resources */,
			);
			buildRules = (
			);
			dependencies = (
				4C37180D2B5447450086B3D1 /* PBXTargetDependency */,
			);
			name = PlanTests;
			productName = PlanTests;
			productReference = 4C37180B2B5447450086B3D1 /* PlanTests.xctest */;
			productType = "com.apple.product-type.bundle.unit-test";
		};
		4C3718142B5447450086B3D1 /* PlanUITests */ = {
			isa = PBXNativeTarget;
			buildConfigurationList = 4C3718252B5447450086B3D1 /* Build configuration list for PBXNativeTarget "PlanUITests" */;
			buildPhases = (
				4C3718112B5447450086B3D1 /* Sources */,
				4C3718122B5447450086B3D1 /* Frameworks */,
				4C3718132B5447450086B3D1 /* Resources */,
			);
			buildRules = (
			);
			dependencies = (
				4C3718172B5447450086B3D1 /* PBXTargetDependency */,
			);
			name = PlanUITests;
			productName = PlanUITests;
			productReference = 4C3718152B5447450086B3D1 /* PlanUITests.xctest */;
			productType = "com.apple.product-type.bundle.ui-testing";
		};
/* End PBXNativeTarget section */

/* Begin PBXProject section */
		4C3717EF2B5447440086B3D1 /* Project object */ = {
			isa = PBXProject;
			attributes = {
				BuildIndependentTargetsInParallel = 1;
				LastSwiftUpdateCheck = 1520;
				LastUpgradeCheck = 1520;
				TargetAttributes = {
					4C3717F62B5447440086B3D1 = {
						CreatedOnToolsVersion = 15.2;
					};
					4C37180A2B5447450086B3D1 = {
						CreatedOnToolsVersion = 15.2;
						TestTargetID = 4C3717F62B5447440086B3D1;
					};
					4C3718142B5447450086B3D1 = {
						CreatedOnToolsVersion = 15.2;
						TestTargetID = 4C3717F62B5447440086B3D1;
					};
				};
			};
			buildConfigurationList = 4C3717F22B5447440086B3D1 /* Build configuration list for PBXProject "Plan" */;
			compatibilityVersion = "Xcode 14.0";
			developmentRegion = en;
			hasScannedForEncodings = 0;
			knownRegions = (
				en,
				Base,
			);
			mainGroup = 4C3717EE2B5447440086B3D1;
			productRefGroup = 4C3717F82B5447440086B3D1 /* Products */;
			projectDirPath = "";
			projectRoot = "";
			targets = (
				4C3717F62B5447440086B3D1 /* Plan */,
				4C37180A2B5447450086B3D1 /* PlanTests */,
				4C3718142B5447450086B3D1 /* PlanUITests */,
			);
		};
/* End PBXProject section */

/* Begin PBXResourcesBuildPhase section */
		4C3717F52B5447440086B3D1 /* Resources */ = {
			isa = PBXResourcesBuildPhase;
			buildActionMask = 2147483647;
			files = (
				4C3718022B5447450086B3D1 /* Assets.xcassets in Resources */,
				4C3718052B5447450086B3D1 /* Main.storyboard in Resources */,
			);
			runOnlyForDeploymentPostprocessing = 0;
		};
		4C3718092B5447450086B3D1 /* Resources */ = {
			isa = PBXResourcesBuildPhase;
			buildActionMask = 2147483647;
			files = (
			);
			runOnlyForDeploymentPostprocessing = 0;
		};
		4C3718132B5447450086B3D1 /* Resources */ = {
			isa = PBXResourcesBuildPhase;
			buildActionMask = 2147483647;
			files = (
			);
			runOnlyForDeploymentPostprocessing = 0;
		};
/* End PBXResourcesBuildPhase section */

/* Begin PBXSourcesBuildPhase section */
		4C3717F32B5447440086B3D1 /* Sources */ = {
			isa = PBXSourcesBuildPhase;
			buildActionMask = 2147483647;
			files = (
				4C2841432B65657300BC4A9F /* SidebarAssembly.swift in Sources */,
				4C3718002B5447440086B3D1 /* Plan.xcdatamodeld in Sources */,
				4C9103932B6E9D3400E7F03D /* NSTableView+Extension.swift in Sources */,
				4C2232462B7AA5FD00058D82 /* SidebarContextMenu.swift in Sources */,
				4C28413F2B654D7500BC4A9F /* LabelConfig.swift in Sources */,
				4C2841302B6544F200BC4A9F /* NSWindow+Extension.swift in Sources */,
				4C9103912B6E9A2D00E7F03D /* NSUserInterfaceItemIdentifier+Extension.swift in Sources */,
				4C3717FB2B5447440086B3D1 /* AppDelegate.swift in Sources */,
				4CCEBBB42B77B07800B57EF1 /* SidebarSection.swift in Sources */,
				4CCEBB6C2B72B67200B57EF1 /* TodosMenuPresenter.swift in Sources */,
				4C22324C2B80ED4100058D82 /* TodosOrder.swift in Sources */,
				4C2841332B65459F00BC4A9F /* SidebarViewController.swift in Sources */,
				4C68259C2B5C300F000DDD07 /* Todo.swift in Sources */,
				4C9103A12B6FB63800E7F03D /* EmptyContentViewState.swift in Sources */,
				4C2D5D9F2B71113B0078B6FF /* TitleDelegate.swift in Sources */,
				4C28414C2B65706C00BC4A9F /* TodosAssembly.swift in Sources */,
				4C2841372B654B9700BC4A9F /* Route.swift in Sources */,
				4C28412D2B6544BE00BC4A9F /* Router.swift in Sources */,
				4C28413D2B654D3A00BC4A9F /* LabelView.swift in Sources */,
				4CCEBBB02B778C6900B57EF1 /* SidebarInteractor.swift in Sources */,
				4C9103672B6D3A0400E7F03D /* StateProvider.swift in Sources */,
				4C2841622B65A0EF00BC4A9F /* ViewState.swift in Sources */,
				4C7708AA2B6968B600847955 /* TodosDataProvider.swift in Sources */,
				4C2841412B65629B00BC4A9F /* SidebarPresenter.swift in Sources */,
				4C9103A32B6FBAED00E7F03D /* EmptyContentAssembly.swift in Sources */,
				4C2841742B667BB200BC4A9F /* ListsDataProvider.swift in Sources */,
				4C2841352B65483700BC4A9F /* SidebarItem.swift in Sources */,
				4C2841472B65699500BC4A9F /* Coordinator.swift in Sources */,
				4C2232422B7AA2D100058D82 /* SidebarMenuAssembly.swift in Sources */,
				4CCEBB872B76632D00B57EF1 /* NSView+Extension.swift in Sources */,
				4C2232402B7AA27A00058D82 /* MenuDelegate.swift in Sources */,
				4C28412A2B6543E500BC4A9F /* main.swift in Sources */,
				4C7708992B681EF800847955 /* TodoCell.swift in Sources */,
				4C2841702B6643C000BC4A9F /* ListEntity.swift in Sources */,
				4C91038D2B6E99EF00E7F03D /* MenuBuilder.swift in Sources */,
				4C2841642B65A11600BC4A9F /* ViewOutput.swift in Sources */,
				4C28414A2B656FF600BC4A9F /* TodosViewController.swift in Sources */,
				4CCEBBC92B79571A00B57EF1 /* SidebarAction.swift in Sources */,
				4C28416E2B6643C000BC4A9F /* TodoEntity.swift in Sources */,
				4C9103972B6EBAEA00E7F03D /* TodoModification.swift in Sources */,
				4C91039C2B6FB2BD00E7F03D /* TodosViewState.swift in Sources */,
				4CCEBBB62B78E62600B57EF1 /* ListModification.swift in Sources */,
				4C91037D2B6E44BF00E7F03D /* TodosFactory.swift in Sources */,
				4C9103A52B6FBBE700E7F03D /* EmptyContentPresenter.swift in Sources */,
				4C7708972B681EAA00847955 /* TodosTableAdapter.swift in Sources */,
				4C9103882B6E885D00E7F03D /* MenuSupportable.swift in Sources */,
				4C6825AF2B5D379D000DDD07 /* ConfigurableView.swift in Sources */,
				4C22324A2B80ED3300058D82 /* TodosPredicate.swift in Sources */,
				4C7708922B6819AF00847955 /* TodosPresenter.swift in Sources */,
				4C77089D2B68223200847955 /* TodoModel.swift in Sources */,
				4CCEBB6A2B72B64000B57EF1 /* TodosMenuAssembly.swift in Sources */,
				4C6825AD2B5D3760000DDD07 /* ViewConfiguration.swift in Sources */,
				4C9103722B6D54CE00E7F03D /* SidebarStateProviderProtocol.swift in Sources */,
				4C6825A82B5C3817000DDD07 /* Dictionary+Extension.swift in Sources */,
				4C91039F2B6FB5D800E7F03D /* EmptyContentViewController.swift in Sources */,
				4C9C15602B91031B00398331 /* TableItem.swift in Sources */,
				4C2841722B667AFD00BC4A9F /* PersistentContainer.swift in Sources */,
				4C2841392B654C1400BC4A9F /* SidebarTableAdapter.swift in Sources */,
				4C91038B2B6E99D900E7F03D /* MenuItem.swift in Sources */,
				4C9103952B6EBAC600E7F03D /* TodosAction.swift in Sources */,
				4CCEBB6E2B72B78500B57EF1 /* TodosContextMenu.swift in Sources */,
				4C7708942B681A2B00847955 /* TodosInteractor.swift in Sources */,
				4C91039A2B6FB1C800E7F03D /* PlaceholderView.swift in Sources */,
				4C2841572B65829B00BC4A9F /* List.swift in Sources */,
				4CAD55942B703469006BD687 /* InfoDelegate.swift in Sources */,
				4CCEBBC72B79476200B57EF1 /* TodosStateProviderProtocol.swift in Sources */,
			);
			runOnlyForDeploymentPostprocessing = 0;
		};
		4C3718072B5447450086B3D1 /* Sources */ = {
			isa = PBXSourcesBuildPhase;
			buildActionMask = 2147483647;
			files = (
				4CCEBBC52B7942C000B57EF1 /* TitleDelegateMock.swift in Sources */,
				4CCEBBBF2B793AB200B57EF1 /* SidebarPresenterMock.swift in Sources */,
				4C2D5DA12B7170360078B6FF /* InfoDelegateMock.swift in Sources */,
				4C7708A82B69680300847955 /* TodosDataProviderMock.swift in Sources */,
				4C2841832B66DB0500BC4A9F /* List+Extension.swift in Sources */,
				4C517AEF2B6978C6000E4DC1 /* TodosInteractorMock.swift in Sources */,
				4C9103832B6E4B1B00E7F03D /* TodosFactoryTests.swift in Sources */,
				4C7708A42B69670C00847955 /* TodosPresenterTests.swift in Sources */,
				4C9103782B6D7F1700E7F03D /* TodosStateProviderMock.swift in Sources */,
				4C7708AC2B69723300847955 /* Todo+Extension.swift in Sources */,
				4C517AEB2B697684000E4DC1 /* TodosViewMock.swift in Sources */,
				4CCEBBBB2B79398700B57EF1 /* SidebarPresenterTests.swift in Sources */,
				4C9103762B6D7D7800E7F03D /* SidebarStateProviderMock.swift in Sources */,
				4C91037F2B6E48D400E7F03D /* TodosFactoryMock.swift in Sources */,
				4C28417E2B66D4D700BC4A9F /* ListsDataProviderMock.swift in Sources */,
				4C2841802B66D75D00BC4A9F /* PersistentContainerMock.swift in Sources */,
				4CCEBBC32B79413100B57EF1 /* SidebarInteractorMock.swift in Sources */,
				4C7708A62B69678800847955 /* TodosPresenterMock.swift in Sources */,
				4C7708A22B6966FD00847955 /* TodosInteractorTests.swift in Sources */,
				4CCEBBBD2B79399700B57EF1 /* SidebarInteractorTests.swift in Sources */,
				4CCEBBC12B793F8400B57EF1 /* SidebarViewMock.swift in Sources */,
			);
			runOnlyForDeploymentPostprocessing = 0;
		};
		4C3718112B5447450086B3D1 /* Sources */ = {
			isa = PBXSourcesBuildPhase;
			buildActionMask = 2147483647;
			files = (
				4C37181A2B5447450086B3D1 /* PlanUITests.swift in Sources */,
				4C37181C2B5447450086B3D1 /* PlanUITestsLaunchTests.swift in Sources */,
			);
			runOnlyForDeploymentPostprocessing = 0;
		};
/* End PBXSourcesBuildPhase section */

/* Begin PBXTargetDependency section */
		4C37180D2B5447450086B3D1 /* PBXTargetDependency */ = {
			isa = PBXTargetDependency;
			target = 4C3717F62B5447440086B3D1 /* Plan */;
			targetProxy = 4C37180C2B5447450086B3D1 /* PBXContainerItemProxy */;
		};
		4C3718172B5447450086B3D1 /* PBXTargetDependency */ = {
			isa = PBXTargetDependency;
			target = 4C3717F62B5447440086B3D1 /* Plan */;
			targetProxy = 4C3718162B5447450086B3D1 /* PBXContainerItemProxy */;
		};
/* End PBXTargetDependency section */

/* Begin PBXVariantGroup section */
		4C3718032B5447450086B3D1 /* Main.storyboard */ = {
			isa = PBXVariantGroup;
			children = (
				4C3718042B5447450086B3D1 /* Base */,
			);
			name = Main.storyboard;
			sourceTree = "<group>";
		};
/* End PBXVariantGroup section */

/* Begin XCBuildConfiguration section */
		4C37181D2B5447450086B3D1 /* Debug */ = {
			isa = XCBuildConfiguration;
			buildSettings = {
				ALWAYS_SEARCH_USER_PATHS = NO;
				ASSETCATALOG_COMPILER_GENERATE_SWIFT_ASSET_SYMBOL_EXTENSIONS = YES;
				CLANG_ANALYZER_NONNULL = YES;
				CLANG_ANALYZER_NUMBER_OBJECT_CONVERSION = YES_AGGRESSIVE;
				CLANG_CXX_LANGUAGE_STANDARD = "gnu++20";
				CLANG_ENABLE_MODULES = YES;
				CLANG_ENABLE_OBJC_ARC = YES;
				CLANG_ENABLE_OBJC_WEAK = YES;
				CLANG_WARN_BLOCK_CAPTURE_AUTORELEASING = YES;
				CLANG_WARN_BOOL_CONVERSION = YES;
				CLANG_WARN_COMMA = YES;
				CLANG_WARN_CONSTANT_CONVERSION = YES;
				CLANG_WARN_DEPRECATED_OBJC_IMPLEMENTATIONS = YES;
				CLANG_WARN_DIRECT_OBJC_ISA_USAGE = YES_ERROR;
				CLANG_WARN_DOCUMENTATION_COMMENTS = YES;
				CLANG_WARN_EMPTY_BODY = YES;
				CLANG_WARN_ENUM_CONVERSION = YES;
				CLANG_WARN_INFINITE_RECURSION = YES;
				CLANG_WARN_INT_CONVERSION = YES;
				CLANG_WARN_NON_LITERAL_NULL_CONVERSION = YES;
				CLANG_WARN_OBJC_IMPLICIT_RETAIN_SELF = YES;
				CLANG_WARN_OBJC_LITERAL_CONVERSION = YES;
				CLANG_WARN_OBJC_ROOT_CLASS = YES_ERROR;
				CLANG_WARN_QUOTED_INCLUDE_IN_FRAMEWORK_HEADER = YES;
				CLANG_WARN_RANGE_LOOP_ANALYSIS = YES;
				CLANG_WARN_STRICT_PROTOTYPES = YES;
				CLANG_WARN_SUSPICIOUS_MOVE = YES;
				CLANG_WARN_UNGUARDED_AVAILABILITY = YES_AGGRESSIVE;
				CLANG_WARN_UNREACHABLE_CODE = YES;
				CLANG_WARN__DUPLICATE_METHOD_MATCH = YES;
				COPY_PHASE_STRIP = NO;
				DEBUG_INFORMATION_FORMAT = dwarf;
				ENABLE_STRICT_OBJC_MSGSEND = YES;
				ENABLE_TESTABILITY = YES;
				ENABLE_USER_SCRIPT_SANDBOXING = YES;
				GCC_C_LANGUAGE_STANDARD = gnu17;
				GCC_DYNAMIC_NO_PIC = NO;
				GCC_NO_COMMON_BLOCKS = YES;
				GCC_OPTIMIZATION_LEVEL = 0;
				GCC_PREPROCESSOR_DEFINITIONS = (
					"DEBUG=1",
					"$(inherited)",
				);
				GCC_WARN_64_TO_32_BIT_CONVERSION = YES;
				GCC_WARN_ABOUT_RETURN_TYPE = YES_ERROR;
				GCC_WARN_UNDECLARED_SELECTOR = YES;
				GCC_WARN_UNINITIALIZED_AUTOS = YES_AGGRESSIVE;
				GCC_WARN_UNUSED_FUNCTION = YES;
				GCC_WARN_UNUSED_VARIABLE = YES;
				LOCALIZATION_PREFERS_STRING_CATALOGS = YES;
				MACOSX_DEPLOYMENT_TARGET = 14.2;
				MTL_ENABLE_DEBUG_INFO = INCLUDE_SOURCE;
				MTL_FAST_MATH = YES;
				ONLY_ACTIVE_ARCH = YES;
				SDKROOT = macosx;
				SWIFT_ACTIVE_COMPILATION_CONDITIONS = "DEBUG $(inherited)";
				SWIFT_OPTIMIZATION_LEVEL = "-Onone";
			};
			name = Debug;
		};
		4C37181E2B5447450086B3D1 /* Release */ = {
			isa = XCBuildConfiguration;
			buildSettings = {
				ALWAYS_SEARCH_USER_PATHS = NO;
				ASSETCATALOG_COMPILER_GENERATE_SWIFT_ASSET_SYMBOL_EXTENSIONS = YES;
				CLANG_ANALYZER_NONNULL = YES;
				CLANG_ANALYZER_NUMBER_OBJECT_CONVERSION = YES_AGGRESSIVE;
				CLANG_CXX_LANGUAGE_STANDARD = "gnu++20";
				CLANG_ENABLE_MODULES = YES;
				CLANG_ENABLE_OBJC_ARC = YES;
				CLANG_ENABLE_OBJC_WEAK = YES;
				CLANG_WARN_BLOCK_CAPTURE_AUTORELEASING = YES;
				CLANG_WARN_BOOL_CONVERSION = YES;
				CLANG_WARN_COMMA = YES;
				CLANG_WARN_CONSTANT_CONVERSION = YES;
				CLANG_WARN_DEPRECATED_OBJC_IMPLEMENTATIONS = YES;
				CLANG_WARN_DIRECT_OBJC_ISA_USAGE = YES_ERROR;
				CLANG_WARN_DOCUMENTATION_COMMENTS = YES;
				CLANG_WARN_EMPTY_BODY = YES;
				CLANG_WARN_ENUM_CONVERSION = YES;
				CLANG_WARN_INFINITE_RECURSION = YES;
				CLANG_WARN_INT_CONVERSION = YES;
				CLANG_WARN_NON_LITERAL_NULL_CONVERSION = YES;
				CLANG_WARN_OBJC_IMPLICIT_RETAIN_SELF = YES;
				CLANG_WARN_OBJC_LITERAL_CONVERSION = YES;
				CLANG_WARN_OBJC_ROOT_CLASS = YES_ERROR;
				CLANG_WARN_QUOTED_INCLUDE_IN_FRAMEWORK_HEADER = YES;
				CLANG_WARN_RANGE_LOOP_ANALYSIS = YES;
				CLANG_WARN_STRICT_PROTOTYPES = YES;
				CLANG_WARN_SUSPICIOUS_MOVE = YES;
				CLANG_WARN_UNGUARDED_AVAILABILITY = YES_AGGRESSIVE;
				CLANG_WARN_UNREACHABLE_CODE = YES;
				CLANG_WARN__DUPLICATE_METHOD_MATCH = YES;
				COPY_PHASE_STRIP = NO;
				DEBUG_INFORMATION_FORMAT = "dwarf-with-dsym";
				ENABLE_NS_ASSERTIONS = NO;
				ENABLE_STRICT_OBJC_MSGSEND = YES;
				ENABLE_USER_SCRIPT_SANDBOXING = YES;
				GCC_C_LANGUAGE_STANDARD = gnu17;
				GCC_NO_COMMON_BLOCKS = YES;
				GCC_WARN_64_TO_32_BIT_CONVERSION = YES;
				GCC_WARN_ABOUT_RETURN_TYPE = YES_ERROR;
				GCC_WARN_UNDECLARED_SELECTOR = YES;
				GCC_WARN_UNINITIALIZED_AUTOS = YES_AGGRESSIVE;
				GCC_WARN_UNUSED_FUNCTION = YES;
				GCC_WARN_UNUSED_VARIABLE = YES;
				LOCALIZATION_PREFERS_STRING_CATALOGS = YES;
				MACOSX_DEPLOYMENT_TARGET = 14.2;
				MTL_ENABLE_DEBUG_INFO = NO;
				MTL_FAST_MATH = YES;
				SDKROOT = macosx;
				SWIFT_COMPILATION_MODE = wholemodule;
			};
			name = Release;
		};
		4C3718202B5447450086B3D1 /* Debug */ = {
			isa = XCBuildConfiguration;
			buildSettings = {
				ASSETCATALOG_COMPILER_APPICON_NAME = AppIcon;
				ASSETCATALOG_COMPILER_GLOBAL_ACCENT_COLOR_NAME = AccentColor;
				CODE_SIGN_ENTITLEMENTS = Plan/Plan.entitlements;
				CODE_SIGN_STYLE = Automatic;
				COMBINE_HIDPI_IMAGES = YES;
				CURRENT_PROJECT_VERSION = 1;
				DEVELOPMENT_TEAM = 48KV35Y6PN;
				ENABLE_HARDENED_RUNTIME = YES;
				GENERATE_INFOPLIST_FILE = YES;
				INFOPLIST_KEY_NSHumanReadableCopyright = "";
				INFOPLIST_KEY_NSPrincipalClass = NSApplication;
				LD_RUNPATH_SEARCH_PATHS = (
					"$(inherited)",
					"@executable_path/../Frameworks",
				);
				MARKETING_VERSION = 1.0;
				PRODUCT_BUNDLE_IDENTIFIER = com.paperwave.Plan;
				PRODUCT_NAME = "$(TARGET_NAME)";
				SWIFT_EMIT_LOC_STRINGS = YES;
				SWIFT_VERSION = 5.0;
			};
			name = Debug;
		};
		4C3718212B5447450086B3D1 /* Release */ = {
			isa = XCBuildConfiguration;
			buildSettings = {
				ASSETCATALOG_COMPILER_APPICON_NAME = AppIcon;
				ASSETCATALOG_COMPILER_GLOBAL_ACCENT_COLOR_NAME = AccentColor;
				CODE_SIGN_ENTITLEMENTS = Plan/Plan.entitlements;
				CODE_SIGN_STYLE = Automatic;
				COMBINE_HIDPI_IMAGES = YES;
				CURRENT_PROJECT_VERSION = 1;
				DEVELOPMENT_TEAM = 48KV35Y6PN;
				ENABLE_HARDENED_RUNTIME = YES;
				GENERATE_INFOPLIST_FILE = YES;
				INFOPLIST_KEY_NSHumanReadableCopyright = "";
				INFOPLIST_KEY_NSPrincipalClass = NSApplication;
				LD_RUNPATH_SEARCH_PATHS = (
					"$(inherited)",
					"@executable_path/../Frameworks",
				);
				MARKETING_VERSION = 1.0;
				PRODUCT_BUNDLE_IDENTIFIER = com.paperwave.Plan;
				PRODUCT_NAME = "$(TARGET_NAME)";
				SWIFT_EMIT_LOC_STRINGS = YES;
				SWIFT_VERSION = 5.0;
			};
			name = Release;
		};
		4C3718232B5447450086B3D1 /* Debug */ = {
			isa = XCBuildConfiguration;
			buildSettings = {
				ALWAYS_EMBED_SWIFT_STANDARD_LIBRARIES = YES;
				BUNDLE_LOADER = "$(TEST_HOST)";
				CODE_SIGN_STYLE = Automatic;
				CURRENT_PROJECT_VERSION = 1;
				DEVELOPMENT_TEAM = 48KV35Y6PN;
				GENERATE_INFOPLIST_FILE = YES;
				MACOSX_DEPLOYMENT_TARGET = 14.2;
				MARKETING_VERSION = 1.0;
				PRODUCT_BUNDLE_IDENTIFIER = com.paperwave.PlanTests;
				PRODUCT_NAME = "$(TARGET_NAME)";
				SWIFT_EMIT_LOC_STRINGS = NO;
				SWIFT_VERSION = 5.0;
				TEST_HOST = "$(BUILT_PRODUCTS_DIR)/Plan.app/$(BUNDLE_EXECUTABLE_FOLDER_PATH)/Plan";
			};
			name = Debug;
		};
		4C3718242B5447450086B3D1 /* Release */ = {
			isa = XCBuildConfiguration;
			buildSettings = {
				ALWAYS_EMBED_SWIFT_STANDARD_LIBRARIES = YES;
				BUNDLE_LOADER = "$(TEST_HOST)";
				CODE_SIGN_STYLE = Automatic;
				CURRENT_PROJECT_VERSION = 1;
				DEVELOPMENT_TEAM = 48KV35Y6PN;
				GENERATE_INFOPLIST_FILE = YES;
				MACOSX_DEPLOYMENT_TARGET = 14.2;
				MARKETING_VERSION = 1.0;
				PRODUCT_BUNDLE_IDENTIFIER = com.paperwave.PlanTests;
				PRODUCT_NAME = "$(TARGET_NAME)";
				SWIFT_EMIT_LOC_STRINGS = NO;
				SWIFT_VERSION = 5.0;
				TEST_HOST = "$(BUILT_PRODUCTS_DIR)/Plan.app/$(BUNDLE_EXECUTABLE_FOLDER_PATH)/Plan";
			};
			name = Release;
		};
		4C3718262B5447450086B3D1 /* Debug */ = {
			isa = XCBuildConfiguration;
			buildSettings = {
				ALWAYS_EMBED_SWIFT_STANDARD_LIBRARIES = YES;
				CODE_SIGN_STYLE = Automatic;
				CURRENT_PROJECT_VERSION = 1;
				DEVELOPMENT_TEAM = 48KV35Y6PN;
				GENERATE_INFOPLIST_FILE = YES;
				MARKETING_VERSION = 1.0;
				PRODUCT_BUNDLE_IDENTIFIER = com.paperwave.PlanUITests;
				PRODUCT_NAME = "$(TARGET_NAME)";
				SWIFT_EMIT_LOC_STRINGS = NO;
				SWIFT_VERSION = 5.0;
				TEST_TARGET_NAME = Plan;
			};
			name = Debug;
		};
		4C3718272B5447450086B3D1 /* Release */ = {
			isa = XCBuildConfiguration;
			buildSettings = {
				ALWAYS_EMBED_SWIFT_STANDARD_LIBRARIES = YES;
				CODE_SIGN_STYLE = Automatic;
				CURRENT_PROJECT_VERSION = 1;
				DEVELOPMENT_TEAM = 48KV35Y6PN;
				GENERATE_INFOPLIST_FILE = YES;
				MARKETING_VERSION = 1.0;
				PRODUCT_BUNDLE_IDENTIFIER = com.paperwave.PlanUITests;
				PRODUCT_NAME = "$(TARGET_NAME)";
				SWIFT_EMIT_LOC_STRINGS = NO;
				SWIFT_VERSION = 5.0;
				TEST_TARGET_NAME = Plan;
			};
			name = Release;
		};
/* End XCBuildConfiguration section */

/* Begin XCConfigurationList section */
		4C3717F22B5447440086B3D1 /* Build configuration list for PBXProject "Plan" */ = {
			isa = XCConfigurationList;
			buildConfigurations = (
				4C37181D2B5447450086B3D1 /* Debug */,
				4C37181E2B5447450086B3D1 /* Release */,
			);
			defaultConfigurationIsVisible = 0;
			defaultConfigurationName = Release;
		};
		4C37181F2B5447450086B3D1 /* Build configuration list for PBXNativeTarget "Plan" */ = {
			isa = XCConfigurationList;
			buildConfigurations = (
				4C3718202B5447450086B3D1 /* Debug */,
				4C3718212B5447450086B3D1 /* Release */,
			);
			defaultConfigurationIsVisible = 0;
			defaultConfigurationName = Release;
		};
		4C3718222B5447450086B3D1 /* Build configuration list for PBXNativeTarget "PlanTests" */ = {
			isa = XCConfigurationList;
			buildConfigurations = (
				4C3718232B5447450086B3D1 /* Debug */,
				4C3718242B5447450086B3D1 /* Release */,
			);
			defaultConfigurationIsVisible = 0;
			defaultConfigurationName = Release;
		};
		4C3718252B5447450086B3D1 /* Build configuration list for PBXNativeTarget "PlanUITests" */ = {
			isa = XCConfigurationList;
			buildConfigurations = (
				4C3718262B5447450086B3D1 /* Debug */,
				4C3718272B5447450086B3D1 /* Release */,
			);
			defaultConfigurationIsVisible = 0;
			defaultConfigurationName = Release;
		};
/* End XCConfigurationList section */

/* Begin XCVersionGroup section */
		4C3717FE2B5447440086B3D1 /* Plan.xcdatamodeld */ = {
			isa = XCVersionGroup;
			children = (
				4C3717FF2B5447440086B3D1 /* Plan.xcdatamodel */,
			);
			currentVersion = 4C3717FF2B5447440086B3D1 /* Plan.xcdatamodel */;
			path = Plan.xcdatamodeld;
			sourceTree = "<group>";
			versionGroupType = wrapper.xcdatamodel;
		};
/* End XCVersionGroup section */
	};
	rootObject = 4C3717EF2B5447440086B3D1 /* Project object */;
}
