// !$*UTF8*$!
{
	archiveVersion = 1;
	classes = {
	};
	objectVersion = 56;
	objects = {

/* Begin PBXBuildFile section */
		4C298E522C5FDC2000474956 /* AppDelegate.swift in Sources */ = {isa = PBXBuildFile; fileRef = 4C298E512C5FDC2000474956 /* AppDelegate.swift */; };
		4C298E582C5FDC2100474956 /* Assets.xcassets in Resources */ = {isa = PBXBuildFile; fileRef = 4C298E572C5FDC2100474956 /* Assets.xcassets */; };
		4C298E712C5FDC2100474956 /* PlanUITests.swift in Sources */ = {isa = PBXBuildFile; fileRef = 4C298E702C5FDC2100474956 /* PlanUITests.swift */; };
		4C298E732C5FDC2100474956 /* PlanUITestsLaunchTests.swift in Sources */ = {isa = PBXBuildFile; fileRef = 4C298E722C5FDC2100474956 /* PlanUITestsLaunchTests.swift */; };
		4C298EBB2C5FDE6700474956 /* NSScrollView+Extension.swift in Sources */ = {isa = PBXBuildFile; fileRef = 4C298EB62C5FDE6700474956 /* NSScrollView+Extension.swift */; };
		4C298EBC2C5FDE6700474956 /* NSOutlineView+Extension.swift in Sources */ = {isa = PBXBuildFile; fileRef = 4C298EB72C5FDE6700474956 /* NSOutlineView+Extension.swift */; };
		4C298EBD2C5FDE6700474956 /* NSImage+Extension.swift in Sources */ = {isa = PBXBuildFile; fileRef = 4C298EB82C5FDE6700474956 /* NSImage+Extension.swift */; };
		4C298EBE2C5FDE6700474956 /* NSTableView+Extension.swift in Sources */ = {isa = PBXBuildFile; fileRef = 4C298EB92C5FDE6700474956 /* NSTableView+Extension.swift */; };
		4C298EBF2C5FDE6700474956 /* NSTextField+Extension.swift in Sources */ = {isa = PBXBuildFile; fileRef = 4C298EBA2C5FDE6700474956 /* NSTextField+Extension.swift */; };
		4C298EC02C5FDE8900474956 /* MenuSupportable.swift in Sources */ = {isa = PBXBuildFile; fileRef = 4C298EB42C5FDE4600474956 /* MenuSupportable.swift */; };
		4C298EC12C5FDE8900474956 /* NSUserInterfaceItemIdentifier+Extension.swift in Sources */ = {isa = PBXBuildFile; fileRef = 4C298EB32C5FDE4600474956 /* NSUserInterfaceItemIdentifier+Extension.swift */; };
		4C298EC22C5FDE8900474956 /* MenuBuilder.swift in Sources */ = {isa = PBXBuildFile; fileRef = 4C298EB12C5FDE4600474956 /* MenuBuilder.swift */; };
		4C298EC32C5FDE8900474956 /* MenuBuilder+Item.swift in Sources */ = {isa = PBXBuildFile; fileRef = 4C298EB02C5FDE4600474956 /* MenuBuilder+Item.swift */; };
		4C298EC42C5FDE8900474956 /* MenuItem.swift in Sources */ = {isa = PBXBuildFile; fileRef = 4C298EB22C5FDE4600474956 /* MenuItem.swift */; };
		4C298EC52C5FDE9100474956 /* IconCagetory.swift in Sources */ = {isa = PBXBuildFile; fileRef = 4C298EAC2C5FDE2D00474956 /* IconCagetory.swift */; };
		4C298EC62C5FDEA500474956 /* Sequence+Extension.swift in Sources */ = {isa = PBXBuildFile; fileRef = 4C298E892C5FDD8200474956 /* Sequence+Extension.swift */; };
		4C298EC72C5FDEA500474956 /* Versioned.swift in Sources */ = {isa = PBXBuildFile; fileRef = 4C298E912C5FDDB500474956 /* Versioned.swift */; };
		4C298EC82C5FDEA500474956 /* ItemContent.swift in Sources */ = {isa = PBXBuildFile; fileRef = 4C298E972C5FDDCB00474956 /* ItemContent.swift */; };
		4C298EC92C5FDEA500474956 /* ContentProvider.swift in Sources */ = {isa = PBXBuildFile; fileRef = 4C298E942C5FDDB500474956 /* ContentProvider.swift */; };
		4C298ECA2C5FDEA500474956 /* EntityOptions.swift in Sources */ = {isa = PBXBuildFile; fileRef = 4C298E962C5FDDCB00474956 /* EntityOptions.swift */; };
		4C298ECB2C5FDEA500474956 /* Dictionary+Extension.swift in Sources */ = {isa = PBXBuildFile; fileRef = 4C298E882C5FDD8200474956 /* Dictionary+Extension.swift */; };
		4C298ECC2C5FDEA500474956 /* DocumentStorage.swift in Sources */ = {isa = PBXBuildFile; fileRef = 4C298E8E2C5FDDA700474956 /* DocumentStorage.swift */; };
		4C298ECD2C5FDEA500474956 /* DocumentFile.swift in Sources */ = {isa = PBXBuildFile; fileRef = 4C298E932C5FDDB500474956 /* DocumentFile.swift */; };
		4C298ECE2C5FDEA500474956 /* DocumentDataRepresentation.swift in Sources */ = {isa = PBXBuildFile; fileRef = 4C298E8D2C5FDDA700474956 /* DocumentDataRepresentation.swift */; };
		4C298ECF2C5FDEA500474956 /* VersionedFile.swift in Sources */ = {isa = PBXBuildFile; fileRef = 4C298E902C5FDDB500474956 /* VersionedFile.swift */; };
		4C298ED02C5FDEA500474956 /* DocumentDataPublisher.swift in Sources */ = {isa = PBXBuildFile; fileRef = 4C298E8C2C5FDDA700474956 /* DocumentDataPublisher.swift */; };
		4C298ED12C5FDEA500474956 /* DocumentError.swift in Sources */ = {isa = PBXBuildFile; fileRef = 4C298E922C5FDDB500474956 /* DocumentError.swift */; };
		4C298ED22C5FDEAC00474956 /* TreeNode.swift in Sources */ = {isa = PBXBuildFile; fileRef = 4C298E862C5FDD7700474956 /* TreeNode.swift */; };
		4C298ED32C5FDEAC00474956 /* Node.swift in Sources */ = {isa = PBXBuildFile; fileRef = 4C298E842C5FDD7700474956 /* Node.swift */; };
		4C298ED42C5FDEAC00474956 /* NodeValue.swift in Sources */ = {isa = PBXBuildFile; fileRef = 4C298E872C5FDD7700474956 /* NodeValue.swift */; };
		4C298ED52C5FDEAC00474956 /* Root.swift in Sources */ = {isa = PBXBuildFile; fileRef = 4C298E852C5FDD7700474956 /* Root.swift */; };
		4C298ED62C5FDEBC00474956 /* HierarchyStringPresenter.swift in Sources */ = {isa = PBXBuildFile; fileRef = 4C298E9B2C5FDDE200474956 /* HierarchyStringPresenter.swift */; };
		4C298ED72C5FDEBC00474956 /* PlanDocument.swift in Sources */ = {isa = PBXBuildFile; fileRef = 4C298E992C5FDDE200474956 /* PlanDocument.swift */; };
		4C298ED82C5FDEBC00474956 /* ItemDataProvider.swift in Sources */ = {isa = PBXBuildFile; fileRef = 4C298EAA2C5FDE1A00474956 /* ItemDataProvider.swift */; };
		4C298ED92C5FDEBC00474956 /* PlanAssembly.swift in Sources */ = {isa = PBXBuildFile; fileRef = 4C298EA72C5FDE0A00474956 /* PlanAssembly.swift */; };
		4C298EDA2C5FDEBC00474956 /* PlanItemCell.swift in Sources */ = {isa = PBXBuildFile; fileRef = 4C298EA42C5FDE0A00474956 /* PlanItemCell.swift */; };
		4C298EDB2C5FDEBC00474956 /* TransferNode.swift in Sources */ = {isa = PBXBuildFile; fileRef = 4C298EA92C5FDE1A00474956 /* TransferNode.swift */; };
		4C298EDC2C5FDEBC00474956 /* HierarchyDestination.swift in Sources */ = {isa = PBXBuildFile; fileRef = 4C298E9C2C5FDDE200474956 /* HierarchyDestination.swift */; };
		4C298EDD2C5FDEBC00474956 /* PlanPresenter.swift in Sources */ = {isa = PBXBuildFile; fileRef = 4C298EA52C5FDE0A00474956 /* PlanPresenter.swift */; };
		4C298EDE2C5FDEBC00474956 /* PlanViewController.swift in Sources */ = {isa = PBXBuildFile; fileRef = 4C298EA62C5FDE0A00474956 /* PlanViewController.swift */; };
		4C298EDF2C5FDEBC00474956 /* HierarchyContent.swift in Sources */ = {isa = PBXBuildFile; fileRef = 4C298E982C5FDDE200474956 /* HierarchyContent.swift */; };
		4C298EE02C5FDEBC00474956 /* PlanDataProvider.swift in Sources */ = {isa = PBXBuildFile; fileRef = 4C298E9A2C5FDDE200474956 /* PlanDataProvider.swift */; };
		4C298EE12C5FDEDF00474956 /* HierarchyTableAdapter.swift in Sources */ = {isa = PBXBuildFile; fileRef = 4C298E9F2C5FDDF800474956 /* HierarchyTableAdapter.swift */; };
		4C298EE22C5FDEDF00474956 /* HierarchySnapshot.swift in Sources */ = {isa = PBXBuildFile; fileRef = 4C298EA22C5FDDF800474956 /* HierarchySnapshot.swift */; };
		4C298EE32C5FDEDF00474956 /* HierarchyModel.swift in Sources */ = {isa = PBXBuildFile; fileRef = 4C298E9E2C5FDDF800474956 /* HierarchyModel.swift */; };
		4C298EE42C5FDEDF00474956 /* DropConfiguration.swift in Sources */ = {isa = PBXBuildFile; fileRef = 4C298EA12C5FDDF800474956 /* DropConfiguration.swift */; };
		4C298EE52C5FDEE700474956 /* HierarchyTableAnimator.swift in Sources */ = {isa = PBXBuildFile; fileRef = 4C298EA02C5FDDF800474956 /* HierarchyTableAnimator.swift */; };
		4C298EE62C5FDEFA00474956 /* PlaceholderView.swift in Sources */ = {isa = PBXBuildFile; fileRef = 4C298EAE2C5FDE3A00474956 /* PlaceholderView.swift */; };
		4C298EE82C5FE17100474956 /* Main.storyboard in Resources */ = {isa = PBXBuildFile; fileRef = 4C298EE72C5FE15700474956 /* Main.storyboard */; };
		4C365C812C87990900C7DF6E /* ValueFormatter.swift in Sources */ = {isa = PBXBuildFile; fileRef = 4C365C802C87990900C7DF6E /* ValueFormatter.swift */; };
		4C365C832C8A22A200C7DF6E /* CellModel.swift in Sources */ = {isa = PBXBuildFile; fileRef = 4C365C822C8A22A200C7DF6E /* CellModel.swift */; };
		4C81FB5F2C5FE92E006300E6 /* BottomBar.swift in Sources */ = {isa = PBXBuildFile; fileRef = 4C81FB5E2C5FE92E006300E6 /* BottomBar.swift */; };
		4C81FB612C5FF9D7006300E6 /* PlanModel.swift in Sources */ = {isa = PBXBuildFile; fileRef = 4C81FB602C5FF9D7006300E6 /* PlanModel.swift */; };
		4C81FB632C600D88006300E6 /* PlanStatusFactory.swift in Sources */ = {isa = PBXBuildFile; fileRef = 4C81FB622C600D88006300E6 /* PlanStatusFactory.swift */; };
		4C81FB652C601810006300E6 /* PlanLocalization.swift in Sources */ = {isa = PBXBuildFile; fileRef = 4C81FB642C601810006300E6 /* PlanLocalization.swift */; };
		4C81FB672C60BB2D006300E6 /* PlanLocalizable.xcstrings in Resources */ = {isa = PBXBuildFile; fileRef = 4C81FB662C60BB2D006300E6 /* PlanLocalizable.xcstrings */; };
		4C85143F2C7E486100C7475C /* TableCell.swift in Sources */ = {isa = PBXBuildFile; fileRef = 4C85143E2C7E486100C7475C /* TableCell.swift */; };
		4C8514432C7E4D3500C7475C /* PlanItemModel.swift in Sources */ = {isa = PBXBuildFile; fileRef = 4C8514422C7E4D3500C7475C /* PlanItemModel.swift */; };
		4C8514462C7E4D9D00C7475C /* Color.swift in Sources */ = {isa = PBXBuildFile; fileRef = 4C8514452C7E4D9D00C7475C /* Color.swift */; };
		4C8514482C80DCCA00C7475C /* AnyColumn.swift in Sources */ = {isa = PBXBuildFile; fileRef = 4C8514472C80DCCA00C7475C /* AnyColumn.swift */; };
		4C85144C2C8235C700C7475C /* PlanPresenterTests.swift in Sources */ = {isa = PBXBuildFile; fileRef = 4C85144B2C8235C700C7475C /* PlanPresenterTests.swift */; };
		4C85144E2C8248A200C7475C /* PlanColumnsFactory.swift in Sources */ = {isa = PBXBuildFile; fileRef = 4C85144D2C8248A200C7475C /* PlanColumnsFactory.swift */; };
		4C8514522C832D4300C7475C /* PlanLocalizationMock.swift in Sources */ = {isa = PBXBuildFile; fileRef = 4C8514512C832D4300C7475C /* PlanLocalizationMock.swift */; };
		4C8514542C832DFB00C7475C /* String+Extension.swift in Sources */ = {isa = PBXBuildFile; fileRef = 4C8514532C832DFB00C7475C /* String+Extension.swift */; };
		4C8514562C832ED300C7475C /* PlanColumnsFactoryMock.swift in Sources */ = {isa = PBXBuildFile; fileRef = 4C8514552C832ED300C7475C /* PlanColumnsFactoryMock.swift */; };
		4C8514582C832F7400C7475C /* PlanModelFactoryMock.swift in Sources */ = {isa = PBXBuildFile; fileRef = 4C8514572C832F7400C7475C /* PlanModelFactoryMock.swift */; };
		4C85145A2C83302E00C7475C /* PlanStatusFactoryMock.swift in Sources */ = {isa = PBXBuildFile; fileRef = 4C8514592C83302E00C7475C /* PlanStatusFactoryMock.swift */; };
		4C85145C2C83314600C7475C /* BasicFormatterMock.swift in Sources */ = {isa = PBXBuildFile; fileRef = 4C85145B2C83314600C7475C /* BasicFormatterMock.swift */; };
		4C85145E2C8332B600C7475C /* PlanViewMock.swift in Sources */ = {isa = PBXBuildFile; fileRef = 4C85145D2C8332B600C7475C /* PlanViewMock.swift */; };
		4C8514602C83374B00C7475C /* PlanInteractorMock.swift in Sources */ = {isa = PBXBuildFile; fileRef = 4C85145F2C83374B00C7475C /* PlanInteractorMock.swift */; };
		4C8C6CC12C62A37400E09697 /* HierarchyDropDelegate.swift in Sources */ = {isa = PBXBuildFile; fileRef = 4C8C6CC02C62A37400E09697 /* HierarchyDropDelegate.swift */; };
		4C8C6CC52C6765F500E09697 /* PlanModelFactory.swift in Sources */ = {isa = PBXBuildFile; fileRef = 4C8C6CC42C6765F500E09697 /* PlanModelFactory.swift */; };
		4C8C6CC92C67ACA300E09697 /* PlanInteractor.swift in Sources */ = {isa = PBXBuildFile; fileRef = 4C8C6CC82C67ACA300E09697 /* PlanInteractor.swift */; };
		4C8C6CD12C67E94400E09697 /* ItemStatus.swift in Sources */ = {isa = PBXBuildFile; fileRef = 4C8C6CD02C67E94400E09697 /* ItemStatus.swift */; };
		4C8C6CD42C68D28700E09697 /* TextParser.swift in Sources */ = {isa = PBXBuildFile; fileRef = 4C8C6CD32C68D28700E09697 /* TextParser.swift */; };
		4C8C6CD82C68F44000E09697 /* TextParserTests.swift in Sources */ = {isa = PBXBuildFile; fileRef = 4C8C6CD72C68F44000E09697 /* TextParserTests.swift */; };
		4C8C6CDA2C68FB1900E09697 /* Collection+Extension.swift in Sources */ = {isa = PBXBuildFile; fileRef = 4C8C6CD92C68FB1900E09697 /* Collection+Extension.swift */; };
		4C8C6CDC2C692B8C00E09697 /* ParserConfiguration.swift in Sources */ = {isa = PBXBuildFile; fileRef = 4C8C6CDB2C692B8C00E09697 /* ParserConfiguration.swift */; };
		4C8C6CE02C6A689900E09697 /* PasteboardFacade.swift in Sources */ = {isa = PBXBuildFile; fileRef = 4C8C6CDF2C6A689900E09697 /* PasteboardFacade.swift */; };
		4C8C6CE42C6A745A00E09697 /* PlanPresenter+HierarchyDropDelegate.swift in Sources */ = {isa = PBXBuildFile; fileRef = 4C8C6CE32C6A745A00E09697 /* PlanPresenter+HierarchyDropDelegate.swift */; };
		4C8C6CE92C6BD65A00E09697 /* BasicFormatter.swift in Sources */ = {isa = PBXBuildFile; fileRef = 4C8C6CE82C6BD65A00E09697 /* BasicFormatter.swift */; };
		4C8C6CED2C72695B00E09697 /* DropInfo.swift in Sources */ = {isa = PBXBuildFile; fileRef = 4C8C6CEC2C72695B00E09697 /* DropInfo.swift */; };
		4C8C6CEF2C72708800E09697 /* HierarchyTableDropLogic.swift in Sources */ = {isa = PBXBuildFile; fileRef = 4C8C6CEE2C72708800E09697 /* HierarchyTableDropLogic.swift */; };
		4C8C6CF42C78CBD300E09697 /* DocumentPage.swift in Sources */ = {isa = PBXBuildFile; fileRef = 4C8C6CF32C78CBD300E09697 /* DocumentPage.swift */; };
		4C8C6CF62C78FFB800E09697 /* AppPage.swift in Sources */ = {isa = PBXBuildFile; fileRef = 4C8C6CF52C78FFB800E09697 /* AppPage.swift */; };
		4C8C6CFB2C7A55AC00E09697 /* mock_plan_doc_unknown_version_v1.json in Resources */ = {isa = PBXBuildFile; fileRef = 4C8C6CFA2C7A55AC00E09697 /* mock_plan_doc_unknown_version_v1.json */; };
		4C8C6CFE2C7A582700E09697 /* PlanDataProviderTests.swift in Sources */ = {isa = PBXBuildFile; fileRef = 4C8C6CFD2C7A582700E09697 /* PlanDataProviderTests.swift */; };
		4C8C6D002C7A604A00E09697 /* UUID+Extension.swift in Sources */ = {isa = PBXBuildFile; fileRef = 4C8C6CFF2C7A604A00E09697 /* UUID+Extension.swift */; };
		4C8C6D032C7A803D00E09697 /* mock_plan_doc_unexpected_format_v1.json in Resources */ = {isa = PBXBuildFile; fileRef = 4C8C6D022C7A7FB300E09697 /* mock_plan_doc_unexpected_format_v1.json */; };
		4C9FFEF32C920C31005FC397 /* TextConfiguration.swift in Sources */ = {isa = PBXBuildFile; fileRef = 4C9FFEF22C920C31005FC397 /* TextConfiguration.swift */; };
		4C9FFEF52C920C5A005FC397 /* TextValidation.swift in Sources */ = {isa = PBXBuildFile; fileRef = 4C9FFEF42C920C5A005FC397 /* TextValidation.swift */; };
		4C9FFEF72C920CBD005FC397 /* TextModel.swift in Sources */ = {isa = PBXBuildFile; fileRef = 4C9FFEF62C920CBD005FC397 /* TextModel.swift */; };
		4CBAC42B2C7A832D00534CC3 /* PlanVersion.swift in Sources */ = {isa = PBXBuildFile; fileRef = 4CBAC42A2C7A832D00534CC3 /* PlanVersion.swift */; };
		4CBAC42D2C7B2AB000534CC3 /* mock_plan_doc_v1.json in Resources */ = {isa = PBXBuildFile; fileRef = 4CBAC42C2C7B2AB000534CC3 /* mock_plan_doc_v1.json */; };
		4CCCFA5E2C7B7278002DDD95 /* DocumentType.swift in Sources */ = {isa = PBXBuildFile; fileRef = 4CCCFA5D2C7B7278002DDD95 /* DocumentType.swift */; };
		4CCCFA602C7B747D002DDD95 /* IconName.swift in Sources */ = {isa = PBXBuildFile; fileRef = 4CCCFA5F2C7B747D002DDD95 /* IconName.swift */; };
		4CCCFA622C7BB611002DDD95 /* TextCell.swift in Sources */ = {isa = PBXBuildFile; fileRef = 4CCCFA612C7BB611002DDD95 /* TextCell.swift */; };
		4CCCFA682C7CE9F8002DDD95 /* TableColumn.swift in Sources */ = {isa = PBXBuildFile; fileRef = 4CCCFA672C7CE9F8002DDD95 /* TableColumn.swift */; };
		4CCCFA6A2C7CF04F002DDD95 /* NSTableColumn+Extension.swift in Sources */ = {isa = PBXBuildFile; fileRef = 4CCCFA692C7CF04F002DDD95 /* NSTableColumn+Extension.swift */; };
		4CCCFA6D2C7CF10B002DDD95 /* PlanViewController+MenuSupportable.swift in Sources */ = {isa = PBXBuildFile; fileRef = 4CCCFA6C2C7CF10B002DDD95 /* PlanViewController+MenuSupportable.swift */; };
		4CCCFA6F2C7CF173002DDD95 /* PlanViewController+NSMenuItemValidation.swift in Sources */ = {isa = PBXBuildFile; fileRef = 4CCCFA6E2C7CF173002DDD95 /* PlanViewController+NSMenuItemValidation.swift */; };
/* End PBXBuildFile section */

/* Begin PBXContainerItemProxy section */
		4C298E632C5FDC2100474956 /* PBXContainerItemProxy */ = {
			isa = PBXContainerItemProxy;
			containerPortal = 4C298E462C5FDC2000474956 /* Project object */;
			proxyType = 1;
			remoteGlobalIDString = 4C298E4D2C5FDC2000474956;
			remoteInfo = Plan;
		};
		4C298E6D2C5FDC2100474956 /* PBXContainerItemProxy */ = {
			isa = PBXContainerItemProxy;
			containerPortal = 4C298E462C5FDC2000474956 /* Project object */;
			proxyType = 1;
			remoteGlobalIDString = 4C298E4D2C5FDC2000474956;
			remoteInfo = Plan;
		};
/* End PBXContainerItemProxy section */

/* Begin PBXFileReference section */
		4C298E4E2C5FDC2000474956 /* Plan.app */ = {isa = PBXFileReference; explicitFileType = wrapper.application; includeInIndex = 0; path = Plan.app; sourceTree = BUILT_PRODUCTS_DIR; };
		4C298E512C5FDC2000474956 /* AppDelegate.swift */ = {isa = PBXFileReference; lastKnownFileType = sourcecode.swift; path = AppDelegate.swift; sourceTree = "<group>"; };
		4C298E572C5FDC2100474956 /* Assets.xcassets */ = {isa = PBXFileReference; lastKnownFileType = folder.assetcatalog; path = Assets.xcassets; sourceTree = "<group>"; };
		4C298E5C2C5FDC2100474956 /* Info.plist */ = {isa = PBXFileReference; lastKnownFileType = text.plist.xml; path = Info.plist; sourceTree = "<group>"; };
		4C298E5D2C5FDC2100474956 /* Plan.entitlements */ = {isa = PBXFileReference; lastKnownFileType = text.plist.entitlements; path = Plan.entitlements; sourceTree = "<group>"; };
		4C298E622C5FDC2100474956 /* PlanTests.xctest */ = {isa = PBXFileReference; explicitFileType = wrapper.cfbundle; includeInIndex = 0; path = PlanTests.xctest; sourceTree = BUILT_PRODUCTS_DIR; };
		4C298E6C2C5FDC2100474956 /* PlanUITests.xctest */ = {isa = PBXFileReference; explicitFileType = wrapper.cfbundle; includeInIndex = 0; path = PlanUITests.xctest; sourceTree = BUILT_PRODUCTS_DIR; };
		4C298E702C5FDC2100474956 /* PlanUITests.swift */ = {isa = PBXFileReference; lastKnownFileType = sourcecode.swift; path = PlanUITests.swift; sourceTree = "<group>"; };
		4C298E722C5FDC2100474956 /* PlanUITestsLaunchTests.swift */ = {isa = PBXFileReference; lastKnownFileType = sourcecode.swift; path = PlanUITestsLaunchTests.swift; sourceTree = "<group>"; };
		4C298E842C5FDD7700474956 /* Node.swift */ = {isa = PBXFileReference; lastKnownFileType = sourcecode.swift; path = Node.swift; sourceTree = "<group>"; };
		4C298E852C5FDD7700474956 /* Root.swift */ = {isa = PBXFileReference; lastKnownFileType = sourcecode.swift; path = Root.swift; sourceTree = "<group>"; };
		4C298E862C5FDD7700474956 /* TreeNode.swift */ = {isa = PBXFileReference; lastKnownFileType = sourcecode.swift; path = TreeNode.swift; sourceTree = "<group>"; };
		4C298E872C5FDD7700474956 /* NodeValue.swift */ = {isa = PBXFileReference; lastKnownFileType = sourcecode.swift; path = NodeValue.swift; sourceTree = "<group>"; };
		4C298E882C5FDD8200474956 /* Dictionary+Extension.swift */ = {isa = PBXFileReference; lastKnownFileType = sourcecode.swift; path = "Dictionary+Extension.swift"; sourceTree = "<group>"; };
		4C298E892C5FDD8200474956 /* Sequence+Extension.swift */ = {isa = PBXFileReference; lastKnownFileType = sourcecode.swift; path = "Sequence+Extension.swift"; sourceTree = "<group>"; };
		4C298E8C2C5FDDA700474956 /* DocumentDataPublisher.swift */ = {isa = PBXFileReference; lastKnownFileType = sourcecode.swift; path = DocumentDataPublisher.swift; sourceTree = "<group>"; };
		4C298E8D2C5FDDA700474956 /* DocumentDataRepresentation.swift */ = {isa = PBXFileReference; lastKnownFileType = sourcecode.swift; path = DocumentDataRepresentation.swift; sourceTree = "<group>"; };
		4C298E8E2C5FDDA700474956 /* DocumentStorage.swift */ = {isa = PBXFileReference; lastKnownFileType = sourcecode.swift; path = DocumentStorage.swift; sourceTree = "<group>"; };
		4C298E902C5FDDB500474956 /* VersionedFile.swift */ = {isa = PBXFileReference; lastKnownFileType = sourcecode.swift; path = VersionedFile.swift; sourceTree = "<group>"; };
		4C298E912C5FDDB500474956 /* Versioned.swift */ = {isa = PBXFileReference; lastKnownFileType = sourcecode.swift; path = Versioned.swift; sourceTree = "<group>"; };
		4C298E922C5FDDB500474956 /* DocumentError.swift */ = {isa = PBXFileReference; lastKnownFileType = sourcecode.swift; path = DocumentError.swift; sourceTree = "<group>"; };
		4C298E932C5FDDB500474956 /* DocumentFile.swift */ = {isa = PBXFileReference; lastKnownFileType = sourcecode.swift; path = DocumentFile.swift; sourceTree = "<group>"; };
		4C298E942C5FDDB500474956 /* ContentProvider.swift */ = {isa = PBXFileReference; lastKnownFileType = sourcecode.swift; path = ContentProvider.swift; sourceTree = "<group>"; };
		4C298E962C5FDDCB00474956 /* EntityOptions.swift */ = {isa = PBXFileReference; lastKnownFileType = sourcecode.swift; path = EntityOptions.swift; sourceTree = "<group>"; };
		4C298E972C5FDDCB00474956 /* ItemContent.swift */ = {isa = PBXFileReference; lastKnownFileType = sourcecode.swift; path = ItemContent.swift; sourceTree = "<group>"; };
		4C298E982C5FDDE200474956 /* HierarchyContent.swift */ = {isa = PBXFileReference; lastKnownFileType = sourcecode.swift; path = HierarchyContent.swift; sourceTree = "<group>"; };
		4C298E992C5FDDE200474956 /* PlanDocument.swift */ = {isa = PBXFileReference; lastKnownFileType = sourcecode.swift; path = PlanDocument.swift; sourceTree = "<group>"; };
		4C298E9A2C5FDDE200474956 /* PlanDataProvider.swift */ = {isa = PBXFileReference; lastKnownFileType = sourcecode.swift; path = PlanDataProvider.swift; sourceTree = "<group>"; };
		4C298E9B2C5FDDE200474956 /* HierarchyStringPresenter.swift */ = {isa = PBXFileReference; lastKnownFileType = sourcecode.swift; path = HierarchyStringPresenter.swift; sourceTree = "<group>"; };
		4C298E9C2C5FDDE200474956 /* HierarchyDestination.swift */ = {isa = PBXFileReference; lastKnownFileType = sourcecode.swift; path = HierarchyDestination.swift; sourceTree = "<group>"; };
		4C298E9E2C5FDDF800474956 /* HierarchyModel.swift */ = {isa = PBXFileReference; lastKnownFileType = sourcecode.swift; path = HierarchyModel.swift; sourceTree = "<group>"; };
		4C298E9F2C5FDDF800474956 /* HierarchyTableAdapter.swift */ = {isa = PBXFileReference; lastKnownFileType = sourcecode.swift; path = HierarchyTableAdapter.swift; sourceTree = "<group>"; };
		4C298EA02C5FDDF800474956 /* HierarchyTableAnimator.swift */ = {isa = PBXFileReference; lastKnownFileType = sourcecode.swift; path = HierarchyTableAnimator.swift; sourceTree = "<group>"; };
		4C298EA12C5FDDF800474956 /* DropConfiguration.swift */ = {isa = PBXFileReference; lastKnownFileType = sourcecode.swift; path = DropConfiguration.swift; sourceTree = "<group>"; };
		4C298EA22C5FDDF800474956 /* HierarchySnapshot.swift */ = {isa = PBXFileReference; lastKnownFileType = sourcecode.swift; path = HierarchySnapshot.swift; sourceTree = "<group>"; };
		4C298EA42C5FDE0A00474956 /* PlanItemCell.swift */ = {isa = PBXFileReference; lastKnownFileType = sourcecode.swift; path = PlanItemCell.swift; sourceTree = "<group>"; };
		4C298EA52C5FDE0A00474956 /* PlanPresenter.swift */ = {isa = PBXFileReference; lastKnownFileType = sourcecode.swift; path = PlanPresenter.swift; sourceTree = "<group>"; };
		4C298EA62C5FDE0A00474956 /* PlanViewController.swift */ = {isa = PBXFileReference; lastKnownFileType = sourcecode.swift; path = PlanViewController.swift; sourceTree = "<group>"; };
		4C298EA72C5FDE0A00474956 /* PlanAssembly.swift */ = {isa = PBXFileReference; lastKnownFileType = sourcecode.swift; path = PlanAssembly.swift; sourceTree = "<group>"; };
		4C298EA92C5FDE1A00474956 /* TransferNode.swift */ = {isa = PBXFileReference; lastKnownFileType = sourcecode.swift; path = TransferNode.swift; sourceTree = "<group>"; };
		4C298EAA2C5FDE1A00474956 /* ItemDataProvider.swift */ = {isa = PBXFileReference; lastKnownFileType = sourcecode.swift; path = ItemDataProvider.swift; sourceTree = "<group>"; };
		4C298EAC2C5FDE2D00474956 /* IconCagetory.swift */ = {isa = PBXFileReference; lastKnownFileType = sourcecode.swift; path = IconCagetory.swift; sourceTree = "<group>"; };
		4C298EAE2C5FDE3A00474956 /* PlaceholderView.swift */ = {isa = PBXFileReference; lastKnownFileType = sourcecode.swift; path = PlaceholderView.swift; sourceTree = "<group>"; };
		4C298EB02C5FDE4600474956 /* MenuBuilder+Item.swift */ = {isa = PBXFileReference; lastKnownFileType = sourcecode.swift; path = "MenuBuilder+Item.swift"; sourceTree = "<group>"; };
		4C298EB12C5FDE4600474956 /* MenuBuilder.swift */ = {isa = PBXFileReference; lastKnownFileType = sourcecode.swift; path = MenuBuilder.swift; sourceTree = "<group>"; };
		4C298EB22C5FDE4600474956 /* MenuItem.swift */ = {isa = PBXFileReference; lastKnownFileType = sourcecode.swift; path = MenuItem.swift; sourceTree = "<group>"; };
		4C298EB32C5FDE4600474956 /* NSUserInterfaceItemIdentifier+Extension.swift */ = {isa = PBXFileReference; lastKnownFileType = sourcecode.swift; path = "NSUserInterfaceItemIdentifier+Extension.swift"; sourceTree = "<group>"; };
		4C298EB42C5FDE4600474956 /* MenuSupportable.swift */ = {isa = PBXFileReference; lastKnownFileType = sourcecode.swift; path = MenuSupportable.swift; sourceTree = "<group>"; };
		4C298EB62C5FDE6700474956 /* NSScrollView+Extension.swift */ = {isa = PBXFileReference; fileEncoding = 4; lastKnownFileType = sourcecode.swift; path = "NSScrollView+Extension.swift"; sourceTree = "<group>"; };
		4C298EB72C5FDE6700474956 /* NSOutlineView+Extension.swift */ = {isa = PBXFileReference; fileEncoding = 4; lastKnownFileType = sourcecode.swift; path = "NSOutlineView+Extension.swift"; sourceTree = "<group>"; };
		4C298EB82C5FDE6700474956 /* NSImage+Extension.swift */ = {isa = PBXFileReference; fileEncoding = 4; lastKnownFileType = sourcecode.swift; path = "NSImage+Extension.swift"; sourceTree = "<group>"; };
		4C298EB92C5FDE6700474956 /* NSTableView+Extension.swift */ = {isa = PBXFileReference; fileEncoding = 4; lastKnownFileType = sourcecode.swift; path = "NSTableView+Extension.swift"; sourceTree = "<group>"; };
		4C298EBA2C5FDE6700474956 /* NSTextField+Extension.swift */ = {isa = PBXFileReference; fileEncoding = 4; lastKnownFileType = sourcecode.swift; path = "NSTextField+Extension.swift"; sourceTree = "<group>"; };
		4C298EE72C5FE15700474956 /* Main.storyboard */ = {isa = PBXFileReference; lastKnownFileType = file.storyboard; path = Main.storyboard; sourceTree = "<group>"; };
		4C365C802C87990900C7DF6E /* ValueFormatter.swift */ = {isa = PBXFileReference; lastKnownFileType = sourcecode.swift; path = ValueFormatter.swift; sourceTree = "<group>"; };
		4C365C822C8A22A200C7DF6E /* CellModel.swift */ = {isa = PBXFileReference; lastKnownFileType = sourcecode.swift; path = CellModel.swift; sourceTree = "<group>"; };
		4C81FB5E2C5FE92E006300E6 /* BottomBar.swift */ = {isa = PBXFileReference; lastKnownFileType = sourcecode.swift; path = BottomBar.swift; sourceTree = "<group>"; };
		4C81FB602C5FF9D7006300E6 /* PlanModel.swift */ = {isa = PBXFileReference; lastKnownFileType = sourcecode.swift; path = PlanModel.swift; sourceTree = "<group>"; };
		4C81FB622C600D88006300E6 /* PlanStatusFactory.swift */ = {isa = PBXFileReference; lastKnownFileType = sourcecode.swift; path = PlanStatusFactory.swift; sourceTree = "<group>"; };
		4C81FB642C601810006300E6 /* PlanLocalization.swift */ = {isa = PBXFileReference; lastKnownFileType = sourcecode.swift; path = PlanLocalization.swift; sourceTree = "<group>"; };
		4C81FB662C60BB2D006300E6 /* PlanLocalizable.xcstrings */ = {isa = PBXFileReference; lastKnownFileType = text.json.xcstrings; path = PlanLocalizable.xcstrings; sourceTree = "<group>"; };
		4C85143E2C7E486100C7475C /* TableCell.swift */ = {isa = PBXFileReference; lastKnownFileType = sourcecode.swift; path = TableCell.swift; sourceTree = "<group>"; };
		4C8514422C7E4D3500C7475C /* PlanItemModel.swift */ = {isa = PBXFileReference; lastKnownFileType = sourcecode.swift; path = PlanItemModel.swift; sourceTree = "<group>"; };
		4C8514452C7E4D9D00C7475C /* Color.swift */ = {isa = PBXFileReference; lastKnownFileType = sourcecode.swift; path = Color.swift; sourceTree = "<group>"; };
		4C8514472C80DCCA00C7475C /* AnyColumn.swift */ = {isa = PBXFileReference; lastKnownFileType = sourcecode.swift; path = AnyColumn.swift; sourceTree = "<group>"; };
		4C85144A2C82300100C7475C /* Plan.xctestplan */ = {isa = PBXFileReference; lastKnownFileType = text; path = Plan.xctestplan; sourceTree = "<group>"; };
		4C85144B2C8235C700C7475C /* PlanPresenterTests.swift */ = {isa = PBXFileReference; lastKnownFileType = sourcecode.swift; path = PlanPresenterTests.swift; sourceTree = "<group>"; };
		4C85144D2C8248A200C7475C /* PlanColumnsFactory.swift */ = {isa = PBXFileReference; lastKnownFileType = sourcecode.swift; path = PlanColumnsFactory.swift; sourceTree = "<group>"; };
		4C8514512C832D4300C7475C /* PlanLocalizationMock.swift */ = {isa = PBXFileReference; lastKnownFileType = sourcecode.swift; path = PlanLocalizationMock.swift; sourceTree = "<group>"; };
		4C8514532C832DFB00C7475C /* String+Extension.swift */ = {isa = PBXFileReference; lastKnownFileType = sourcecode.swift; path = "String+Extension.swift"; sourceTree = "<group>"; };
		4C8514552C832ED300C7475C /* PlanColumnsFactoryMock.swift */ = {isa = PBXFileReference; lastKnownFileType = sourcecode.swift; path = PlanColumnsFactoryMock.swift; sourceTree = "<group>"; };
		4C8514572C832F7400C7475C /* PlanModelFactoryMock.swift */ = {isa = PBXFileReference; lastKnownFileType = sourcecode.swift; path = PlanModelFactoryMock.swift; sourceTree = "<group>"; };
		4C8514592C83302E00C7475C /* PlanStatusFactoryMock.swift */ = {isa = PBXFileReference; lastKnownFileType = sourcecode.swift; path = PlanStatusFactoryMock.swift; sourceTree = "<group>"; };
		4C85145B2C83314600C7475C /* BasicFormatterMock.swift */ = {isa = PBXFileReference; lastKnownFileType = sourcecode.swift; path = BasicFormatterMock.swift; sourceTree = "<group>"; };
		4C85145D2C8332B600C7475C /* PlanViewMock.swift */ = {isa = PBXFileReference; lastKnownFileType = sourcecode.swift; path = PlanViewMock.swift; sourceTree = "<group>"; };
		4C85145F2C83374B00C7475C /* PlanInteractorMock.swift */ = {isa = PBXFileReference; lastKnownFileType = sourcecode.swift; path = PlanInteractorMock.swift; sourceTree = "<group>"; };
		4C8C6CC02C62A37400E09697 /* HierarchyDropDelegate.swift */ = {isa = PBXFileReference; lastKnownFileType = sourcecode.swift; path = HierarchyDropDelegate.swift; sourceTree = "<group>"; };
		4C8C6CC42C6765F500E09697 /* PlanModelFactory.swift */ = {isa = PBXFileReference; lastKnownFileType = sourcecode.swift; path = PlanModelFactory.swift; sourceTree = "<group>"; };
		4C8C6CC82C67ACA300E09697 /* PlanInteractor.swift */ = {isa = PBXFileReference; lastKnownFileType = sourcecode.swift; path = PlanInteractor.swift; sourceTree = "<group>"; };
		4C8C6CD02C67E94400E09697 /* ItemStatus.swift */ = {isa = PBXFileReference; lastKnownFileType = sourcecode.swift; path = ItemStatus.swift; sourceTree = "<group>"; };
		4C8C6CD32C68D28700E09697 /* TextParser.swift */ = {isa = PBXFileReference; lastKnownFileType = sourcecode.swift; path = TextParser.swift; sourceTree = "<group>"; };
		4C8C6CD72C68F44000E09697 /* TextParserTests.swift */ = {isa = PBXFileReference; lastKnownFileType = sourcecode.swift; path = TextParserTests.swift; sourceTree = "<group>"; };
		4C8C6CD92C68FB1900E09697 /* Collection+Extension.swift */ = {isa = PBXFileReference; lastKnownFileType = sourcecode.swift; path = "Collection+Extension.swift"; sourceTree = "<group>"; };
		4C8C6CDB2C692B8C00E09697 /* ParserConfiguration.swift */ = {isa = PBXFileReference; lastKnownFileType = sourcecode.swift; path = ParserConfiguration.swift; sourceTree = "<group>"; };
		4C8C6CDF2C6A689900E09697 /* PasteboardFacade.swift */ = {isa = PBXFileReference; lastKnownFileType = sourcecode.swift; path = PasteboardFacade.swift; sourceTree = "<group>"; };
		4C8C6CE32C6A745A00E09697 /* PlanPresenter+HierarchyDropDelegate.swift */ = {isa = PBXFileReference; lastKnownFileType = sourcecode.swift; path = "PlanPresenter+HierarchyDropDelegate.swift"; sourceTree = "<group>"; };
		4C8C6CE82C6BD65A00E09697 /* BasicFormatter.swift */ = {isa = PBXFileReference; lastKnownFileType = sourcecode.swift; path = BasicFormatter.swift; sourceTree = "<group>"; };
		4C8C6CEC2C72695B00E09697 /* DropInfo.swift */ = {isa = PBXFileReference; lastKnownFileType = sourcecode.swift; path = DropInfo.swift; sourceTree = "<group>"; };
		4C8C6CEE2C72708800E09697 /* HierarchyTableDropLogic.swift */ = {isa = PBXFileReference; lastKnownFileType = sourcecode.swift; path = HierarchyTableDropLogic.swift; sourceTree = "<group>"; };
		4C8C6CF32C78CBD300E09697 /* DocumentPage.swift */ = {isa = PBXFileReference; lastKnownFileType = sourcecode.swift; path = DocumentPage.swift; sourceTree = "<group>"; };
		4C8C6CF52C78FFB800E09697 /* AppPage.swift */ = {isa = PBXFileReference; lastKnownFileType = sourcecode.swift; path = AppPage.swift; sourceTree = "<group>"; };
		4C8C6CFA2C7A55AC00E09697 /* mock_plan_doc_unknown_version_v1.json */ = {isa = PBXFileReference; lastKnownFileType = text.json; path = mock_plan_doc_unknown_version_v1.json; sourceTree = "<group>"; };
		4C8C6CFD2C7A582700E09697 /* PlanDataProviderTests.swift */ = {isa = PBXFileReference; lastKnownFileType = sourcecode.swift; path = PlanDataProviderTests.swift; sourceTree = "<group>"; };
		4C8C6CFF2C7A604A00E09697 /* UUID+Extension.swift */ = {isa = PBXFileReference; lastKnownFileType = sourcecode.swift; path = "UUID+Extension.swift"; sourceTree = "<group>"; };
		4C8C6D022C7A7FB300E09697 /* mock_plan_doc_unexpected_format_v1.json */ = {isa = PBXFileReference; lastKnownFileType = text.json; path = mock_plan_doc_unexpected_format_v1.json; sourceTree = "<group>"; };
		4C9FFEF22C920C31005FC397 /* TextConfiguration.swift */ = {isa = PBXFileReference; lastKnownFileType = sourcecode.swift; path = TextConfiguration.swift; sourceTree = "<group>"; };
		4C9FFEF42C920C5A005FC397 /* TextValidation.swift */ = {isa = PBXFileReference; lastKnownFileType = sourcecode.swift; path = TextValidation.swift; sourceTree = "<group>"; };
		4C9FFEF62C920CBD005FC397 /* TextModel.swift */ = {isa = PBXFileReference; lastKnownFileType = sourcecode.swift; path = TextModel.swift; sourceTree = "<group>"; };
		4CBAC42A2C7A832D00534CC3 /* PlanVersion.swift */ = {isa = PBXFileReference; lastKnownFileType = sourcecode.swift; path = PlanVersion.swift; sourceTree = "<group>"; };
		4CBAC42C2C7B2AB000534CC3 /* mock_plan_doc_v1.json */ = {isa = PBXFileReference; lastKnownFileType = text.json; path = mock_plan_doc_v1.json; sourceTree = "<group>"; };
		4CCCFA5D2C7B7278002DDD95 /* DocumentType.swift */ = {isa = PBXFileReference; lastKnownFileType = sourcecode.swift; path = DocumentType.swift; sourceTree = "<group>"; };
		4CCCFA5F2C7B747D002DDD95 /* IconName.swift */ = {isa = PBXFileReference; lastKnownFileType = sourcecode.swift; path = IconName.swift; sourceTree = "<group>"; };
		4CCCFA612C7BB611002DDD95 /* TextCell.swift */ = {isa = PBXFileReference; lastKnownFileType = sourcecode.swift; path = TextCell.swift; sourceTree = "<group>"; };
		4CCCFA672C7CE9F8002DDD95 /* TableColumn.swift */ = {isa = PBXFileReference; lastKnownFileType = sourcecode.swift; path = TableColumn.swift; sourceTree = "<group>"; };
		4CCCFA692C7CF04F002DDD95 /* NSTableColumn+Extension.swift */ = {isa = PBXFileReference; lastKnownFileType = sourcecode.swift; path = "NSTableColumn+Extension.swift"; sourceTree = "<group>"; };
		4CCCFA6C2C7CF10B002DDD95 /* PlanViewController+MenuSupportable.swift */ = {isa = PBXFileReference; lastKnownFileType = sourcecode.swift; path = "PlanViewController+MenuSupportable.swift"; sourceTree = "<group>"; };
		4CCCFA6E2C7CF173002DDD95 /* PlanViewController+NSMenuItemValidation.swift */ = {isa = PBXFileReference; lastKnownFileType = sourcecode.swift; path = "PlanViewController+NSMenuItemValidation.swift"; sourceTree = "<group>"; };
/* End PBXFileReference section */

/* Begin PBXFrameworksBuildPhase section */
		4C298E4B2C5FDC2000474956 /* Frameworks */ = {
			isa = PBXFrameworksBuildPhase;
			buildActionMask = 2147483647;
			files = (
			);
			runOnlyForDeploymentPostprocessing = 0;
		};
		4C298E5F2C5FDC2100474956 /* Frameworks */ = {
			isa = PBXFrameworksBuildPhase;
			buildActionMask = 2147483647;
			files = (
			);
			runOnlyForDeploymentPostprocessing = 0;
		};
		4C298E692C5FDC2100474956 /* Frameworks */ = {
			isa = PBXFrameworksBuildPhase;
			buildActionMask = 2147483647;
			files = (
			);
			runOnlyForDeploymentPostprocessing = 0;
		};
/* End PBXFrameworksBuildPhase section */

/* Begin PBXGroup section */
		4C298E452C5FDC2000474956 = {
			isa = PBXGroup;
			children = (
				4C85144A2C82300100C7475C /* Plan.xctestplan */,
				4C298E502C5FDC2000474956 /* Plan */,
				4C298E652C5FDC2100474956 /* PlanTests */,
				4C298E6F2C5FDC2100474956 /* PlanUITests */,
				4C298E4F2C5FDC2000474956 /* Products */,
			);
			sourceTree = "<group>";
		};
		4C298E4F2C5FDC2000474956 /* Products */ = {
			isa = PBXGroup;
			children = (
				4C298E4E2C5FDC2000474956 /* Plan.app */,
				4C298E622C5FDC2100474956 /* PlanTests.xctest */,
				4C298E6C2C5FDC2100474956 /* PlanUITests.xctest */,
			);
			name = Products;
			sourceTree = "<group>";
		};
		4C298E502C5FDC2000474956 /* Plan */ = {
			isa = PBXGroup;
			children = (
				4C298E5D2C5FDC2100474956 /* Plan.entitlements */,
				4C298E5C2C5FDC2100474956 /* Info.plist */,
				4C298E512C5FDC2000474956 /* AppDelegate.swift */,
				4C298E7F2C5FDC5700474956 /* Resource */,
				4C298E8A2C5FDD8800474956 /* Services */,
				4C298E822C5FDD5A00474956 /* Common */,
				4C298EAB2C5FDE2100474956 /* DesignSystem */,
				4C298E802C5FDD2C00474956 /* Docs */,
			);
			path = Plan;
			sourceTree = "<group>";
		};
		4C298E652C5FDC2100474956 /* PlanTests */ = {
			isa = PBXGroup;
			children = (
				4C8C6D012C7A605100E09697 /* Helpers */,
				4C8C6CF72C7A555D00E09697 /* Docs */,
				4C8C6CD52C68F41C00E09697 /* Services */,
			);
			path = PlanTests;
			sourceTree = "<group>";
		};
		4C298E6F2C5FDC2100474956 /* PlanUITests */ = {
			isa = PBXGroup;
			children = (
				4C8514492C820C0800C7475C /* Common */,
				4C8C6CF02C78C9A200E09697 /* Pages */,
				4C298E702C5FDC2100474956 /* PlanUITests.swift */,
				4C298E722C5FDC2100474956 /* PlanUITestsLaunchTests.swift */,
			);
			path = PlanUITests;
			sourceTree = "<group>";
		};
		4C298E7F2C5FDC5700474956 /* Resource */ = {
			isa = PBXGroup;
			children = (
				4C298EE72C5FE15700474956 /* Main.storyboard */,
				4C298E572C5FDC2100474956 /* Assets.xcassets */,
			);
			path = Resource;
			sourceTree = "<group>";
		};
		4C298E802C5FDD2C00474956 /* Docs */ = {
			isa = PBXGroup;
			children = (
				4C298E812C5FDD3600474956 /* List */,
			);
			path = Docs;
			sourceTree = "<group>";
		};
		4C298E812C5FDD3600474956 /* List */ = {
			isa = PBXGroup;
			children = (
				4C8C6CCD2C67DC1400E09697 /* Views */,
				4C298EA82C5FDE1300474956 /* Models */,
				4C298EA32C5FDE0200474956 /* Unit */,
				4C298E9D2C5FDDEC00474956 /* TableAdapter */,
			);
			path = List;
			sourceTree = "<group>";
		};
		4C298E822C5FDD5A00474956 /* Common */ = {
			isa = PBXGroup;
			children = (
				4C298E832C5FDD6900474956 /* Tree */,
				4C298EE92C5FE4B100474956 /* Extensions */,
			);
			path = Common;
			sourceTree = "<group>";
		};
		4C298E832C5FDD6900474956 /* Tree */ = {
			isa = PBXGroup;
			children = (
				4C298E842C5FDD7700474956 /* Node.swift */,
				4C298E872C5FDD7700474956 /* NodeValue.swift */,
				4C298E852C5FDD7700474956 /* Root.swift */,
				4C298E862C5FDD7700474956 /* TreeNode.swift */,
			);
			path = Tree;
			sourceTree = "<group>";
		};
		4C298E8A2C5FDD8800474956 /* Services */ = {
			isa = PBXGroup;
			children = (
				4C8C6CE72C6BD63D00E09697 /* BasicFormatter */,
				4C8C6CD22C68D27000E09697 /* TextParser */,
				4C298E8F2C5FDDAE00474956 /* Data */,
				4C8C6CE12C6A68A500E09697 /* Pasteboard */,
				4C298E8B2C5FDD9500474956 /* Storage */,
			);
			path = Services;
			sourceTree = "<group>";
		};
		4C298E8B2C5FDD9500474956 /* Storage */ = {
			isa = PBXGroup;
			children = (
				4C298E8C2C5FDDA700474956 /* DocumentDataPublisher.swift */,
				4C298E8D2C5FDDA700474956 /* DocumentDataRepresentation.swift */,
				4C298E8E2C5FDDA700474956 /* DocumentStorage.swift */,
			);
			path = Storage;
			sourceTree = "<group>";
		};
		4C298E8F2C5FDDAE00474956 /* Data */ = {
			isa = PBXGroup;
			children = (
				4CCCFA5D2C7B7278002DDD95 /* DocumentType.swift */,
				4C298E942C5FDDB500474956 /* ContentProvider.swift */,
				4C298E922C5FDDB500474956 /* DocumentError.swift */,
				4C298E932C5FDDB500474956 /* DocumentFile.swift */,
				4C298E912C5FDDB500474956 /* Versioned.swift */,
				4C298E902C5FDDB500474956 /* VersionedFile.swift */,
				4C298E952C5FDDBF00474956 /* Models */,
			);
			path = Data;
			sourceTree = "<group>";
		};
		4C298E952C5FDDBF00474956 /* Models */ = {
			isa = PBXGroup;
			children = (
				4C298E962C5FDDCB00474956 /* EntityOptions.swift */,
				4C298E972C5FDDCB00474956 /* ItemContent.swift */,
				4C8C6CD02C67E94400E09697 /* ItemStatus.swift */,
				4CCCFA5F2C7B747D002DDD95 /* IconName.swift */,
			);
			path = Models;
			sourceTree = "<group>";
		};
		4C298E9D2C5FDDEC00474956 /* TableAdapter */ = {
			isa = PBXGroup;
			children = (
				4C8C6CEB2C72693A00E09697 /* DragAndDrop */,
				4C298E9C2C5FDDE200474956 /* HierarchyDestination.swift */,
				4C298E9E2C5FDDF800474956 /* HierarchyModel.swift */,
				4C298EA22C5FDDF800474956 /* HierarchySnapshot.swift */,
				4C298E9F2C5FDDF800474956 /* HierarchyTableAdapter.swift */,
				4C298EA02C5FDDF800474956 /* HierarchyTableAnimator.swift */,
				4C8C6CC02C62A37400E09697 /* HierarchyDropDelegate.swift */,
				4C298E9B2C5FDDE200474956 /* HierarchyStringPresenter.swift */,
			);
			path = TableAdapter;
			sourceTree = "<group>";
		};
		4C298EA32C5FDE0200474956 /* Unit */ = {
			isa = PBXGroup;
			children = (
				4C85144F2C824E0700C7475C /* Factories */,
				4C8C6CCE2C67DC2F00E09697 /* Localization */,
				4C298EA72C5FDE0A00474956 /* PlanAssembly.swift */,
				4C8C6CC82C67ACA300E09697 /* PlanInteractor.swift */,
				4C8C6CE22C6A742700E09697 /* Presenter */,
				4CCCFA6B2C7CF0F0002DDD95 /* ViewController */,
				4C81FB602C5FF9D7006300E6 /* PlanModel.swift */,
				4C298E9A2C5FDDE200474956 /* PlanDataProvider.swift */,
				4C298E992C5FDDE200474956 /* PlanDocument.swift */,
			);
			path = Unit;
			sourceTree = "<group>";
		};
		4C298EA82C5FDE1300474956 /* Models */ = {
			isa = PBXGroup;
			children = (
				4C298E982C5FDDE200474956 /* HierarchyContent.swift */,
				4C298EAA2C5FDE1A00474956 /* ItemDataProvider.swift */,
				4C298EA92C5FDE1A00474956 /* TransferNode.swift */,
				4CBAC42A2C7A832D00534CC3 /* PlanVersion.swift */,
			);
			path = Models;
			sourceTree = "<group>";
		};
		4C298EAB2C5FDE2100474956 /* DesignSystem */ = {
			isa = PBXGroup;
			children = (
				4C8514442C7E4D9000C7475C /* Common */,
				4C85143B2C7E457700C7475C /* TableColumns */,
				4C8C6CCF2C67DCC700E09697 /* DragAndDrop */,
				4C298EB52C5FDE5200474956 /* Extensions */,
				4C298EAF2C5FDE3F00474956 /* Menu */,
				4C298EAD2C5FDE3300474956 /* Views */,
				4C298EAC2C5FDE2D00474956 /* IconCagetory.swift */,
			);
			path = DesignSystem;
			sourceTree = "<group>";
		};
		4C298EAD2C5FDE3300474956 /* Views */ = {
			isa = PBXGroup;
			children = (
				4C9FFEF12C920C1B005FC397 /* TextCell */,
				4C298EAE2C5FDE3A00474956 /* PlaceholderView.swift */,
				4C81FB5E2C5FE92E006300E6 /* BottomBar.swift */,
			);
			path = Views;
			sourceTree = "<group>";
		};
		4C298EAF2C5FDE3F00474956 /* Menu */ = {
			isa = PBXGroup;
			children = (
				4C298EB12C5FDE4600474956 /* MenuBuilder.swift */,
				4C298EB02C5FDE4600474956 /* MenuBuilder+Item.swift */,
				4C298EB22C5FDE4600474956 /* MenuItem.swift */,
				4C298EB42C5FDE4600474956 /* MenuSupportable.swift */,
				4C298EB32C5FDE4600474956 /* NSUserInterfaceItemIdentifier+Extension.swift */,
			);
			path = Menu;
			sourceTree = "<group>";
		};
		4C298EB52C5FDE5200474956 /* Extensions */ = {
			isa = PBXGroup;
			children = (
				4C298EB62C5FDE6700474956 /* NSScrollView+Extension.swift */,
				4C298EB72C5FDE6700474956 /* NSOutlineView+Extension.swift */,
				4C298EB82C5FDE6700474956 /* NSImage+Extension.swift */,
				4C298EB92C5FDE6700474956 /* NSTableView+Extension.swift */,
				4C298EBA2C5FDE6700474956 /* NSTextField+Extension.swift */,
				4CCCFA692C7CF04F002DDD95 /* NSTableColumn+Extension.swift */,
			);
			path = Extensions;
			sourceTree = "<group>";
		};
		4C298EE92C5FE4B100474956 /* Extensions */ = {
			isa = PBXGroup;
			children = (
				4C298E892C5FDD8200474956 /* Sequence+Extension.swift */,
				4C298E882C5FDD8200474956 /* Dictionary+Extension.swift */,
				4C8C6CD92C68FB1900E09697 /* Collection+Extension.swift */,
			);
			path = Extensions;
			sourceTree = "<group>";
		};
		4C85143B2C7E457700C7475C /* TableColumns */ = {
			isa = PBXGroup;
			children = (
				4CCCFA672C7CE9F8002DDD95 /* TableColumn.swift */,
				4C8514472C80DCCA00C7475C /* AnyColumn.swift */,
				4C85143E2C7E486100C7475C /* TableCell.swift */,
				4C365C822C8A22A200C7DF6E /* CellModel.swift */,
			);
			path = TableColumns;
			sourceTree = "<group>";
		};
		4C8514442C7E4D9000C7475C /* Common */ = {
			isa = PBXGroup;
			children = (
				4C8514452C7E4D9D00C7475C /* Color.swift */,
				4C365C802C87990900C7DF6E /* ValueFormatter.swift */,
			);
			path = Common;
			sourceTree = "<group>";
		};
		4C8514492C820C0800C7475C /* Common */ = {
			isa = PBXGroup;
			children = (
			);
			path = Common;
			sourceTree = "<group>";
		};
		4C85144F2C824E0700C7475C /* Factories */ = {
			isa = PBXGroup;
			children = (
				4C81FB622C600D88006300E6 /* PlanStatusFactory.swift */,
				4C85144D2C8248A200C7475C /* PlanColumnsFactory.swift */,
				4C8C6CC42C6765F500E09697 /* PlanModelFactory.swift */,
			);
			path = Factories;
			sourceTree = "<group>";
		};
		4C8514502C832D3300C7475C /* Mocks */ = {
			isa = PBXGroup;
			children = (
				4C8514592C83302E00C7475C /* PlanStatusFactoryMock.swift */,
				4C8514512C832D4300C7475C /* PlanLocalizationMock.swift */,
				4C8514552C832ED300C7475C /* PlanColumnsFactoryMock.swift */,
				4C8514572C832F7400C7475C /* PlanModelFactoryMock.swift */,
				4C85145B2C83314600C7475C /* BasicFormatterMock.swift */,
				4C85145D2C8332B600C7475C /* PlanViewMock.swift */,
				4C85145F2C83374B00C7475C /* PlanInteractorMock.swift */,
			);
			path = Mocks;
			sourceTree = "<group>";
		};
		4C8C6CCD2C67DC1400E09697 /* Views */ = {
			isa = PBXGroup;
			children = (
				4C298EA42C5FDE0A00474956 /* PlanItemCell.swift */,
				4C8514422C7E4D3500C7475C /* PlanItemModel.swift */,
			);
			path = Views;
			sourceTree = "<group>";
		};
		4C8C6CCE2C67DC2F00E09697 /* Localization */ = {
			isa = PBXGroup;
			children = (
				4C81FB662C60BB2D006300E6 /* PlanLocalizable.xcstrings */,
				4C81FB642C601810006300E6 /* PlanLocalization.swift */,
			);
			path = Localization;
			sourceTree = "<group>";
		};
		4C8C6CCF2C67DCC700E09697 /* DragAndDrop */ = {
			isa = PBXGroup;
			children = (
				4C298EA12C5FDDF800474956 /* DropConfiguration.swift */,
			);
			path = DragAndDrop;
			sourceTree = "<group>";
		};
		4C8C6CD22C68D27000E09697 /* TextParser */ = {
			isa = PBXGroup;
			children = (
				4C8C6CD32C68D28700E09697 /* TextParser.swift */,
				4C8C6CDB2C692B8C00E09697 /* ParserConfiguration.swift */,
			);
			path = TextParser;
			sourceTree = "<group>";
		};
		4C8C6CD52C68F41C00E09697 /* Services */ = {
			isa = PBXGroup;
			children = (
				4C8C6CD62C68F42200E09697 /* TextParser */,
			);
			path = Services;
			sourceTree = "<group>";
		};
		4C8C6CD62C68F42200E09697 /* TextParser */ = {
			isa = PBXGroup;
			children = (
				4C8C6CD72C68F44000E09697 /* TextParserTests.swift */,
			);
			path = TextParser;
			sourceTree = "<group>";
		};
		4C8C6CE12C6A68A500E09697 /* Pasteboard */ = {
			isa = PBXGroup;
			children = (
				4C8C6CDF2C6A689900E09697 /* PasteboardFacade.swift */,
			);
			path = Pasteboard;
			sourceTree = "<group>";
		};
		4C8C6CE22C6A742700E09697 /* Presenter */ = {
			isa = PBXGroup;
			children = (
				4C298EA52C5FDE0A00474956 /* PlanPresenter.swift */,
				4C8C6CE32C6A745A00E09697 /* PlanPresenter+HierarchyDropDelegate.swift */,
			);
			path = Presenter;
			sourceTree = "<group>";
		};
		4C8C6CE72C6BD63D00E09697 /* BasicFormatter */ = {
			isa = PBXGroup;
			children = (
				4C8C6CE82C6BD65A00E09697 /* BasicFormatter.swift */,
			);
			path = BasicFormatter;
			sourceTree = "<group>";
		};
		4C8C6CEB2C72693A00E09697 /* DragAndDrop */ = {
			isa = PBXGroup;
			children = (
				4C8C6CEC2C72695B00E09697 /* DropInfo.swift */,
				4C8C6CEE2C72708800E09697 /* HierarchyTableDropLogic.swift */,
			);
			path = DragAndDrop;
			sourceTree = "<group>";
		};
		4C8C6CF02C78C9A200E09697 /* Pages */ = {
			isa = PBXGroup;
			children = (
				4C8C6CF52C78FFB800E09697 /* AppPage.swift */,
				4C8C6CF32C78CBD300E09697 /* DocumentPage.swift */,
			);
			path = Pages;
			sourceTree = "<group>";
		};
		4C8C6CF72C7A555D00E09697 /* Docs */ = {
			isa = PBXGroup;
			children = (
				4C8C6CF82C7A556200E09697 /* Plan */,
			);
			path = Docs;
			sourceTree = "<group>";
		};
		4C8C6CF82C7A556200E09697 /* Plan */ = {
			isa = PBXGroup;
			children = (
				4C8514502C832D3300C7475C /* Mocks */,
				4C8C6CFC2C7A56A700E09697 /* Tests */,
				4C8C6CF92C7A556900E09697 /* Resources */,
			);
			path = Plan;
			sourceTree = "<group>";
		};
		4C8C6CF92C7A556900E09697 /* Resources */ = {
			isa = PBXGroup;
			children = (
				4CBAC4292C7A829600534CC3 /* v1 */,
			);
			path = Resources;
			sourceTree = "<group>";
		};
		4C8C6CFC2C7A56A700E09697 /* Tests */ = {
			isa = PBXGroup;
			children = (
				4C8C6CFD2C7A582700E09697 /* PlanDataProviderTests.swift */,
				4C85144B2C8235C700C7475C /* PlanPresenterTests.swift */,
			);
			path = Tests;
			sourceTree = "<group>";
		};
		4C8C6D012C7A605100E09697 /* Helpers */ = {
			isa = PBXGroup;
			children = (
				4C8C6CFF2C7A604A00E09697 /* UUID+Extension.swift */,
				4C8514532C832DFB00C7475C /* String+Extension.swift */,
			);
			path = Helpers;
			sourceTree = "<group>";
		};
		4C9FFEF12C920C1B005FC397 /* TextCell */ = {
			isa = PBXGroup;
			children = (
				4CCCFA612C7BB611002DDD95 /* TextCell.swift */,
				4C9FFEF22C920C31005FC397 /* TextConfiguration.swift */,
				4C9FFEF42C920C5A005FC397 /* TextValidation.swift */,
				4C9FFEF62C920CBD005FC397 /* TextModel.swift */,
			);
			path = TextCell;
			sourceTree = "<group>";
		};
		4CBAC4292C7A829600534CC3 /* v1 */ = {
			isa = PBXGroup;
			children = (
				4C8C6D022C7A7FB300E09697 /* mock_plan_doc_unexpected_format_v1.json */,
				4C8C6CFA2C7A55AC00E09697 /* mock_plan_doc_unknown_version_v1.json */,
				4CBAC42C2C7B2AB000534CC3 /* mock_plan_doc_v1.json */,
			);
			path = v1;
			sourceTree = "<group>";
		};
		4CCCFA6B2C7CF0F0002DDD95 /* ViewController */ = {
			isa = PBXGroup;
			children = (
				4C298EA62C5FDE0A00474956 /* PlanViewController.swift */,
				4CCCFA6C2C7CF10B002DDD95 /* PlanViewController+MenuSupportable.swift */,
				4CCCFA6E2C7CF173002DDD95 /* PlanViewController+NSMenuItemValidation.swift */,
			);
			path = ViewController;
			sourceTree = "<group>";
		};
/* End PBXGroup section */

/* Begin PBXNativeTarget section */
		4C298E4D2C5FDC2000474956 /* Plan */ = {
			isa = PBXNativeTarget;
			buildConfigurationList = 4C298E762C5FDC2100474956 /* Build configuration list for PBXNativeTarget "Plan" */;
			buildPhases = (
				4C298E4A2C5FDC2000474956 /* Sources */,
				4C298E4B2C5FDC2000474956 /* Frameworks */,
				4C298E4C2C5FDC2000474956 /* Resources */,
			);
			buildRules = (
			);
			dependencies = (
			);
			name = Plan;
			productName = Plan;
			productReference = 4C298E4E2C5FDC2000474956 /* Plan.app */;
			productType = "com.apple.product-type.application";
		};
		4C298E612C5FDC2100474956 /* PlanTests */ = {
			isa = PBXNativeTarget;
			buildConfigurationList = 4C298E792C5FDC2100474956 /* Build configuration list for PBXNativeTarget "PlanTests" */;
			buildPhases = (
				4C298E5E2C5FDC2100474956 /* Sources */,
				4C298E5F2C5FDC2100474956 /* Frameworks */,
				4C298E602C5FDC2100474956 /* Resources */,
			);
			buildRules = (
			);
			dependencies = (
				4C298E642C5FDC2100474956 /* PBXTargetDependency */,
			);
			name = PlanTests;
			productName = PlanTests;
			productReference = 4C298E622C5FDC2100474956 /* PlanTests.xctest */;
			productType = "com.apple.product-type.bundle.unit-test";
		};
		4C298E6B2C5FDC2100474956 /* PlanUITests */ = {
			isa = PBXNativeTarget;
			buildConfigurationList = 4C298E7C2C5FDC2100474956 /* Build configuration list for PBXNativeTarget "PlanUITests" */;
			buildPhases = (
				4C298E682C5FDC2100474956 /* Sources */,
				4C298E692C5FDC2100474956 /* Frameworks */,
				4C298E6A2C5FDC2100474956 /* Resources */,
			);
			buildRules = (
			);
			dependencies = (
				4C298E6E2C5FDC2100474956 /* PBXTargetDependency */,
			);
			name = PlanUITests;
			productName = PlanUITests;
			productReference = 4C298E6C2C5FDC2100474956 /* PlanUITests.xctest */;
			productType = "com.apple.product-type.bundle.ui-testing";
		};
/* End PBXNativeTarget section */

/* Begin PBXProject section */
		4C298E462C5FDC2000474956 /* Project object */ = {
			isa = PBXProject;
			attributes = {
				BuildIndependentTargetsInParallel = 1;
				LastSwiftUpdateCheck = 1540;
				LastUpgradeCheck = 1540;
				TargetAttributes = {
					4C298E4D2C5FDC2000474956 = {
						CreatedOnToolsVersion = 15.4;
					};
					4C298E612C5FDC2100474956 = {
						CreatedOnToolsVersion = 15.4;
						TestTargetID = 4C298E4D2C5FDC2000474956;
					};
					4C298E6B2C5FDC2100474956 = {
						CreatedOnToolsVersion = 15.4;
						TestTargetID = 4C298E4D2C5FDC2000474956;
					};
				};
			};
			buildConfigurationList = 4C298E492C5FDC2000474956 /* Build configuration list for PBXProject "Plan" */;
			compatibilityVersion = "Xcode 14.0";
			developmentRegion = en;
			hasScannedForEncodings = 0;
			knownRegions = (
				en,
				ru,
				Base,
			);
			mainGroup = 4C298E452C5FDC2000474956;
			productRefGroup = 4C298E4F2C5FDC2000474956 /* Products */;
			projectDirPath = "";
			projectRoot = "";
			targets = (
				4C298E4D2C5FDC2000474956 /* Plan */,
				4C298E612C5FDC2100474956 /* PlanTests */,
				4C298E6B2C5FDC2100474956 /* PlanUITests */,
			);
		};
/* End PBXProject section */

/* Begin PBXResourcesBuildPhase section */
		4C298E4C2C5FDC2000474956 /* Resources */ = {
			isa = PBXResourcesBuildPhase;
			buildActionMask = 2147483647;
			files = (
				4C298EE82C5FE17100474956 /* Main.storyboard in Resources */,
				4C81FB672C60BB2D006300E6 /* PlanLocalizable.xcstrings in Resources */,
				4C298E582C5FDC2100474956 /* Assets.xcassets in Resources */,
			);
			runOnlyForDeploymentPostprocessing = 0;
		};
		4C298E602C5FDC2100474956 /* Resources */ = {
			isa = PBXResourcesBuildPhase;
			buildActionMask = 2147483647;
			files = (
				4CBAC42D2C7B2AB000534CC3 /* mock_plan_doc_v1.json in Resources */,
				4C8C6CFB2C7A55AC00E09697 /* mock_plan_doc_unknown_version_v1.json in Resources */,
				4C8C6D032C7A803D00E09697 /* mock_plan_doc_unexpected_format_v1.json in Resources */,
			);
			runOnlyForDeploymentPostprocessing = 0;
		};
		4C298E6A2C5FDC2100474956 /* Resources */ = {
			isa = PBXResourcesBuildPhase;
			buildActionMask = 2147483647;
			files = (
			);
			runOnlyForDeploymentPostprocessing = 0;
		};
/* End PBXResourcesBuildPhase section */

/* Begin PBXSourcesBuildPhase section */
		4C298E4A2C5FDC2000474956 /* Sources */ = {
			isa = PBXSourcesBuildPhase;
			buildActionMask = 2147483647;
			files = (
				4C81FB612C5FF9D7006300E6 /* PlanModel.swift in Sources */,
				4C8C6CDA2C68FB1900E09697 /* Collection+Extension.swift in Sources */,
				4C8514462C7E4D9D00C7475C /* Color.swift in Sources */,
				4C298EBF2C5FDE6700474956 /* NSTextField+Extension.swift in Sources */,
				4C81FB652C601810006300E6 /* PlanLocalization.swift in Sources */,
				4CCCFA6F2C7CF173002DDD95 /* PlanViewController+NSMenuItemValidation.swift in Sources */,
				4C298E522C5FDC2000474956 /* AppDelegate.swift in Sources */,
				4C298EE52C5FDEE700474956 /* HierarchyTableAnimator.swift in Sources */,
				4C298EBE2C5FDE6700474956 /* NSTableView+Extension.swift in Sources */,
				4C298EC62C5FDEA500474956 /* Sequence+Extension.swift in Sources */,
				4C365C832C8A22A200C7DF6E /* CellModel.swift in Sources */,
				4C365C812C87990900C7DF6E /* ValueFormatter.swift in Sources */,
				4C298EC72C5FDEA500474956 /* Versioned.swift in Sources */,
				4C298EC82C5FDEA500474956 /* ItemContent.swift in Sources */,
				4C298EC92C5FDEA500474956 /* ContentProvider.swift in Sources */,
				4C8C6CE42C6A745A00E09697 /* PlanPresenter+HierarchyDropDelegate.swift in Sources */,
				4C298ECA2C5FDEA500474956 /* EntityOptions.swift in Sources */,
				4C8C6CC92C67ACA300E09697 /* PlanInteractor.swift in Sources */,
				4C298ECB2C5FDEA500474956 /* Dictionary+Extension.swift in Sources */,
				4C298ECC2C5FDEA500474956 /* DocumentStorage.swift in Sources */,
				4C298ECD2C5FDEA500474956 /* DocumentFile.swift in Sources */,
				4C298ECE2C5FDEA500474956 /* DocumentDataRepresentation.swift in Sources */,
				4C298ECF2C5FDEA500474956 /* VersionedFile.swift in Sources */,
				4C9FFEF32C920C31005FC397 /* TextConfiguration.swift in Sources */,
				4C298ED02C5FDEA500474956 /* DocumentDataPublisher.swift in Sources */,
				4C8C6CE02C6A689900E09697 /* PasteboardFacade.swift in Sources */,
				4C298ED12C5FDEA500474956 /* DocumentError.swift in Sources */,
				4C85143F2C7E486100C7475C /* TableCell.swift in Sources */,
				4C298EBD2C5FDE6700474956 /* NSImage+Extension.swift in Sources */,
				4C298EBC2C5FDE6700474956 /* NSOutlineView+Extension.swift in Sources */,
				4C8C6CC12C62A37400E09697 /* HierarchyDropDelegate.swift in Sources */,
				4CCCFA5E2C7B7278002DDD95 /* DocumentType.swift in Sources */,
				4C298EBB2C5FDE6700474956 /* NSScrollView+Extension.swift in Sources */,
				4CCCFA622C7BB611002DDD95 /* TextCell.swift in Sources */,
				4C81FB5F2C5FE92E006300E6 /* BottomBar.swift in Sources */,
				4CBAC42B2C7A832D00534CC3 /* PlanVersion.swift in Sources */,
				4C81FB632C600D88006300E6 /* PlanStatusFactory.swift in Sources */,
				4C8514482C80DCCA00C7475C /* AnyColumn.swift in Sources */,
				4C298EC02C5FDE8900474956 /* MenuSupportable.swift in Sources */,
				4C298ED22C5FDEAC00474956 /* TreeNode.swift in Sources */,
				4C85144E2C8248A200C7475C /* PlanColumnsFactory.swift in Sources */,
				4C298ED32C5FDEAC00474956 /* Node.swift in Sources */,
				4C298ED42C5FDEAC00474956 /* NodeValue.swift in Sources */,
				4C8C6CD12C67E94400E09697 /* ItemStatus.swift in Sources */,
				4C298ED52C5FDEAC00474956 /* Root.swift in Sources */,
				4C298EC12C5FDE8900474956 /* NSUserInterfaceItemIdentifier+Extension.swift in Sources */,
				4C298EE62C5FDEFA00474956 /* PlaceholderView.swift in Sources */,
				4C8C6CED2C72695B00E09697 /* DropInfo.swift in Sources */,
				4C298ED62C5FDEBC00474956 /* HierarchyStringPresenter.swift in Sources */,
				4C298ED72C5FDEBC00474956 /* PlanDocument.swift in Sources */,
				4C298ED82C5FDEBC00474956 /* ItemDataProvider.swift in Sources */,
				4C8C6CC52C6765F500E09697 /* PlanModelFactory.swift in Sources */,
				4CCCFA6D2C7CF10B002DDD95 /* PlanViewController+MenuSupportable.swift in Sources */,
				4C298ED92C5FDEBC00474956 /* PlanAssembly.swift in Sources */,
				4C298EDA2C5FDEBC00474956 /* PlanItemCell.swift in Sources */,
				4CCCFA682C7CE9F8002DDD95 /* TableColumn.swift in Sources */,
				4C298EDB2C5FDEBC00474956 /* TransferNode.swift in Sources */,
				4C9FFEF52C920C5A005FC397 /* TextValidation.swift in Sources */,
				4C298EDC2C5FDEBC00474956 /* HierarchyDestination.swift in Sources */,
				4C298EDD2C5FDEBC00474956 /* PlanPresenter.swift in Sources */,
				4C298EE12C5FDEDF00474956 /* HierarchyTableAdapter.swift in Sources */,
				4C298EE22C5FDEDF00474956 /* HierarchySnapshot.swift in Sources */,
				4C8C6CDC2C692B8C00E09697 /* ParserConfiguration.swift in Sources */,
				4C8514432C7E4D3500C7475C /* PlanItemModel.swift in Sources */,
				4C8C6CD42C68D28700E09697 /* TextParser.swift in Sources */,
				4C298EE32C5FDEDF00474956 /* HierarchyModel.swift in Sources */,
				4C298EE42C5FDEDF00474956 /* DropConfiguration.swift in Sources */,
				4C298EDE2C5FDEBC00474956 /* PlanViewController.swift in Sources */,
				4C8C6CE92C6BD65A00E09697 /* BasicFormatter.swift in Sources */,
				4C9FFEF72C920CBD005FC397 /* TextModel.swift in Sources */,
				4C298EDF2C5FDEBC00474956 /* HierarchyContent.swift in Sources */,
				4CCCFA602C7B747D002DDD95 /* IconName.swift in Sources */,
				4C298EE02C5FDEBC00474956 /* PlanDataProvider.swift in Sources */,
				4C298EC22C5FDE8900474956 /* MenuBuilder.swift in Sources */,
				4C8C6CEF2C72708800E09697 /* HierarchyTableDropLogic.swift in Sources */,
				4CCCFA6A2C7CF04F002DDD95 /* NSTableColumn+Extension.swift in Sources */,
				4C298EC32C5FDE8900474956 /* MenuBuilder+Item.swift in Sources */,
				4C298EC42C5FDE8900474956 /* MenuItem.swift in Sources */,
				4C298EC52C5FDE9100474956 /* IconCagetory.swift in Sources */,
			);
			runOnlyForDeploymentPostprocessing = 0;
		};
		4C298E5E2C5FDC2100474956 /* Sources */ = {
			isa = PBXSourcesBuildPhase;
			buildActionMask = 2147483647;
			files = (
				4C8514522C832D4300C7475C /* PlanLocalizationMock.swift in Sources */,
				4C85145C2C83314600C7475C /* BasicFormatterMock.swift in Sources */,
				4C85145E2C8332B600C7475C /* PlanViewMock.swift in Sources */,
				4C8C6CD82C68F44000E09697 /* TextParserTests.swift in Sources */,
				4C85144C2C8235C700C7475C /* PlanPresenterTests.swift in Sources */,
				4C85145A2C83302E00C7475C /* PlanStatusFactoryMock.swift in Sources */,
				4C8514582C832F7400C7475C /* PlanModelFactoryMock.swift in Sources */,
				4C8514602C83374B00C7475C /* PlanInteractorMock.swift in Sources */,
				4C8514562C832ED300C7475C /* PlanColumnsFactoryMock.swift in Sources */,
				4C8C6CFE2C7A582700E09697 /* PlanDataProviderTests.swift in Sources */,
				4C8514542C832DFB00C7475C /* String+Extension.swift in Sources */,
				4C8C6D002C7A604A00E09697 /* UUID+Extension.swift in Sources */,
			);
			runOnlyForDeploymentPostprocessing = 0;
		};
		4C298E682C5FDC2100474956 /* Sources */ = {
			isa = PBXSourcesBuildPhase;
			buildActionMask = 2147483647;
			files = (
				4C298E712C5FDC2100474956 /* PlanUITests.swift in Sources */,
				4C8C6CF42C78CBD300E09697 /* DocumentPage.swift in Sources */,
				4C8C6CF62C78FFB800E09697 /* AppPage.swift in Sources */,
				4C298E732C5FDC2100474956 /* PlanUITestsLaunchTests.swift in Sources */,
			);
			runOnlyForDeploymentPostprocessing = 0;
		};
/* End PBXSourcesBuildPhase section */

/* Begin PBXTargetDependency section */
		4C298E642C5FDC2100474956 /* PBXTargetDependency */ = {
			isa = PBXTargetDependency;
			target = 4C298E4D2C5FDC2000474956 /* Plan */;
			targetProxy = 4C298E632C5FDC2100474956 /* PBXContainerItemProxy */;
		};
		4C298E6E2C5FDC2100474956 /* PBXTargetDependency */ = {
			isa = PBXTargetDependency;
			target = 4C298E4D2C5FDC2000474956 /* Plan */;
			targetProxy = 4C298E6D2C5FDC2100474956 /* PBXContainerItemProxy */;
		};
/* End PBXTargetDependency section */

/* Begin XCBuildConfiguration section */
		4C298E742C5FDC2100474956 /* Debug */ = {
			isa = XCBuildConfiguration;
			buildSettings = {
				ALWAYS_SEARCH_USER_PATHS = NO;
				ASSETCATALOG_COMPILER_GENERATE_SWIFT_ASSET_SYMBOL_EXTENSIONS = YES;
				CLANG_ANALYZER_NONNULL = YES;
				CLANG_ANALYZER_NUMBER_OBJECT_CONVERSION = YES_AGGRESSIVE;
				CLANG_CXX_LANGUAGE_STANDARD = "gnu++20";
				CLANG_ENABLE_MODULES = YES;
				CLANG_ENABLE_OBJC_ARC = YES;
				CLANG_ENABLE_OBJC_WEAK = YES;
				CLANG_WARN_BLOCK_CAPTURE_AUTORELEASING = YES;
				CLANG_WARN_BOOL_CONVERSION = YES;
				CLANG_WARN_COMMA = YES;
				CLANG_WARN_CONSTANT_CONVERSION = YES;
				CLANG_WARN_DEPRECATED_OBJC_IMPLEMENTATIONS = YES;
				CLANG_WARN_DIRECT_OBJC_ISA_USAGE = YES_ERROR;
				CLANG_WARN_DOCUMENTATION_COMMENTS = YES;
				CLANG_WARN_EMPTY_BODY = YES;
				CLANG_WARN_ENUM_CONVERSION = YES;
				CLANG_WARN_INFINITE_RECURSION = YES;
				CLANG_WARN_INT_CONVERSION = YES;
				CLANG_WARN_NON_LITERAL_NULL_CONVERSION = YES;
				CLANG_WARN_OBJC_IMPLICIT_RETAIN_SELF = YES;
				CLANG_WARN_OBJC_LITERAL_CONVERSION = YES;
				CLANG_WARN_OBJC_ROOT_CLASS = YES_ERROR;
				CLANG_WARN_QUOTED_INCLUDE_IN_FRAMEWORK_HEADER = YES;
				CLANG_WARN_RANGE_LOOP_ANALYSIS = YES;
				CLANG_WARN_STRICT_PROTOTYPES = YES;
				CLANG_WARN_SUSPICIOUS_MOVE = YES;
				CLANG_WARN_UNGUARDED_AVAILABILITY = YES_AGGRESSIVE;
				CLANG_WARN_UNREACHABLE_CODE = YES;
				CLANG_WARN__DUPLICATE_METHOD_MATCH = YES;
				COPY_PHASE_STRIP = NO;
				DEBUG_INFORMATION_FORMAT = dwarf;
				ENABLE_STRICT_OBJC_MSGSEND = YES;
				ENABLE_TESTABILITY = YES;
				ENABLE_USER_SCRIPT_SANDBOXING = YES;
				GCC_C_LANGUAGE_STANDARD = gnu17;
				GCC_DYNAMIC_NO_PIC = NO;
				GCC_NO_COMMON_BLOCKS = YES;
				GCC_OPTIMIZATION_LEVEL = 0;
				GCC_PREPROCESSOR_DEFINITIONS = (
					"DEBUG=1",
					"$(inherited)",
				);
				GCC_WARN_64_TO_32_BIT_CONVERSION = YES;
				GCC_WARN_ABOUT_RETURN_TYPE = YES_ERROR;
				GCC_WARN_UNDECLARED_SELECTOR = YES;
				GCC_WARN_UNINITIALIZED_AUTOS = YES_AGGRESSIVE;
				GCC_WARN_UNUSED_FUNCTION = YES;
				GCC_WARN_UNUSED_VARIABLE = YES;
				LOCALIZATION_PREFERS_STRING_CATALOGS = YES;
				MACOSX_DEPLOYMENT_TARGET = 14.5;
				MTL_ENABLE_DEBUG_INFO = INCLUDE_SOURCE;
				MTL_FAST_MATH = YES;
				ONLY_ACTIVE_ARCH = YES;
				SDKROOT = macosx;
				SWIFT_ACTIVE_COMPILATION_CONDITIONS = "DEBUG $(inherited)";
				SWIFT_OPTIMIZATION_LEVEL = "-Onone";
			};
			name = Debug;
		};
		4C298E752C5FDC2100474956 /* Release */ = {
			isa = XCBuildConfiguration;
			buildSettings = {
				ALWAYS_SEARCH_USER_PATHS = NO;
				ASSETCATALOG_COMPILER_GENERATE_SWIFT_ASSET_SYMBOL_EXTENSIONS = YES;
				CLANG_ANALYZER_NONNULL = YES;
				CLANG_ANALYZER_NUMBER_OBJECT_CONVERSION = YES_AGGRESSIVE;
				CLANG_CXX_LANGUAGE_STANDARD = "gnu++20";
				CLANG_ENABLE_MODULES = YES;
				CLANG_ENABLE_OBJC_ARC = YES;
				CLANG_ENABLE_OBJC_WEAK = YES;
				CLANG_WARN_BLOCK_CAPTURE_AUTORELEASING = YES;
				CLANG_WARN_BOOL_CONVERSION = YES;
				CLANG_WARN_COMMA = YES;
				CLANG_WARN_CONSTANT_CONVERSION = YES;
				CLANG_WARN_DEPRECATED_OBJC_IMPLEMENTATIONS = YES;
				CLANG_WARN_DIRECT_OBJC_ISA_USAGE = YES_ERROR;
				CLANG_WARN_DOCUMENTATION_COMMENTS = YES;
				CLANG_WARN_EMPTY_BODY = YES;
				CLANG_WARN_ENUM_CONVERSION = YES;
				CLANG_WARN_INFINITE_RECURSION = YES;
				CLANG_WARN_INT_CONVERSION = YES;
				CLANG_WARN_NON_LITERAL_NULL_CONVERSION = YES;
				CLANG_WARN_OBJC_IMPLICIT_RETAIN_SELF = YES;
				CLANG_WARN_OBJC_LITERAL_CONVERSION = YES;
				CLANG_WARN_OBJC_ROOT_CLASS = YES_ERROR;
				CLANG_WARN_QUOTED_INCLUDE_IN_FRAMEWORK_HEADER = YES;
				CLANG_WARN_RANGE_LOOP_ANALYSIS = YES;
				CLANG_WARN_STRICT_PROTOTYPES = YES;
				CLANG_WARN_SUSPICIOUS_MOVE = YES;
				CLANG_WARN_UNGUARDED_AVAILABILITY = YES_AGGRESSIVE;
				CLANG_WARN_UNREACHABLE_CODE = YES;
				CLANG_WARN__DUPLICATE_METHOD_MATCH = YES;
				COPY_PHASE_STRIP = NO;
				DEBUG_INFORMATION_FORMAT = "dwarf-with-dsym";
				ENABLE_NS_ASSERTIONS = NO;
				ENABLE_STRICT_OBJC_MSGSEND = YES;
				ENABLE_USER_SCRIPT_SANDBOXING = YES;
				GCC_C_LANGUAGE_STANDARD = gnu17;
				GCC_NO_COMMON_BLOCKS = YES;
				GCC_WARN_64_TO_32_BIT_CONVERSION = YES;
				GCC_WARN_ABOUT_RETURN_TYPE = YES_ERROR;
				GCC_WARN_UNDECLARED_SELECTOR = YES;
				GCC_WARN_UNINITIALIZED_AUTOS = YES_AGGRESSIVE;
				GCC_WARN_UNUSED_FUNCTION = YES;
				GCC_WARN_UNUSED_VARIABLE = YES;
				LOCALIZATION_PREFERS_STRING_CATALOGS = YES;
				MACOSX_DEPLOYMENT_TARGET = 14.5;
				MTL_ENABLE_DEBUG_INFO = NO;
				MTL_FAST_MATH = YES;
				SDKROOT = macosx;
				SWIFT_COMPILATION_MODE = wholemodule;
			};
			name = Release;
		};
		4C298E772C5FDC2100474956 /* Debug */ = {
			isa = XCBuildConfiguration;
			buildSettings = {
				ASSETCATALOG_COMPILER_APPICON_NAME = AppIcon;
				ASSETCATALOG_COMPILER_GLOBAL_ACCENT_COLOR_NAME = AccentColor;
				CODE_SIGN_ENTITLEMENTS = Plan/Plan.entitlements;
				CODE_SIGN_STYLE = Automatic;
				COMBINE_HIDPI_IMAGES = YES;
				CURRENT_PROJECT_VERSION = 3;
				DEVELOPMENT_TEAM = 48KV35Y6PN;
				ENABLE_HARDENED_RUNTIME = YES;
				GENERATE_INFOPLIST_FILE = YES;
				INFOPLIST_FILE = Plan/Info.plist;
				INFOPLIST_KEY_LSApplicationCategoryType = "public.app-category.utilities";
				INFOPLIST_KEY_NSHumanReadableCopyright = "";
				INFOPLIST_KEY_NSMainStoryboardFile = Main;
				INFOPLIST_KEY_NSPrincipalClass = NSApplication;
				LD_RUNPATH_SEARCH_PATHS = (
					"$(inherited)",
					"@executable_path/../Frameworks",
				);
				MARKETING_VERSION = 1.3;
				PRODUCT_BUNDLE_IDENTIFIER = dev.zeroindex.Plan;
				PRODUCT_NAME = "$(TARGET_NAME)";
				SWIFT_EMIT_LOC_STRINGS = YES;
				SWIFT_VERSION = 5.0;
			};
			name = Debug;
		};
		4C298E782C5FDC2100474956 /* Release */ = {
			isa = XCBuildConfiguration;
			buildSettings = {
				ASSETCATALOG_COMPILER_APPICON_NAME = AppIcon;
				ASSETCATALOG_COMPILER_GLOBAL_ACCENT_COLOR_NAME = AccentColor;
				CODE_SIGN_ENTITLEMENTS = Plan/Plan.entitlements;
				CODE_SIGN_STYLE = Automatic;
				COMBINE_HIDPI_IMAGES = YES;
				CURRENT_PROJECT_VERSION = 3;
				DEVELOPMENT_TEAM = 48KV35Y6PN;
				ENABLE_HARDENED_RUNTIME = YES;
				GENERATE_INFOPLIST_FILE = YES;
				INFOPLIST_FILE = Plan/Info.plist;
				INFOPLIST_KEY_LSApplicationCategoryType = "public.app-category.utilities";
				INFOPLIST_KEY_NSHumanReadableCopyright = "";
				INFOPLIST_KEY_NSMainStoryboardFile = Main;
				INFOPLIST_KEY_NSPrincipalClass = NSApplication;
				LD_RUNPATH_SEARCH_PATHS = (
					"$(inherited)",
					"@executable_path/../Frameworks",
				);
				MARKETING_VERSION = 1.3;
				PRODUCT_BUNDLE_IDENTIFIER = dev.zeroindex.Plan;
				PRODUCT_NAME = "$(TARGET_NAME)";
				SWIFT_EMIT_LOC_STRINGS = YES;
				SWIFT_VERSION = 5.0;
			};
			name = Release;
		};
		4C298E7A2C5FDC2100474956 /* Debug */ = {
			isa = XCBuildConfiguration;
			buildSettings = {
				ALWAYS_EMBED_SWIFT_STANDARD_LIBRARIES = YES;
				BUNDLE_LOADER = "$(TEST_HOST)";
				CODE_SIGN_STYLE = Automatic;
				CURRENT_PROJECT_VERSION = 1;
				DEVELOPMENT_TEAM = 48KV35Y6PN;
				GENERATE_INFOPLIST_FILE = YES;
				MACOSX_DEPLOYMENT_TARGET = 14.5;
				MARKETING_VERSION = 1.0;
				PRODUCT_BUNDLE_IDENTIFIER = dev.zeroindex.PlanTests;
				PRODUCT_NAME = "$(TARGET_NAME)";
				SWIFT_EMIT_LOC_STRINGS = NO;
				SWIFT_VERSION = 5.0;
				TEST_HOST = "$(BUILT_PRODUCTS_DIR)/Plan.app/$(BUNDLE_EXECUTABLE_FOLDER_PATH)/Plan";
			};
			name = Debug;
		};
		4C298E7B2C5FDC2100474956 /* Release */ = {
			isa = XCBuildConfiguration;
			buildSettings = {
				ALWAYS_EMBED_SWIFT_STANDARD_LIBRARIES = YES;
				BUNDLE_LOADER = "$(TEST_HOST)";
				CODE_SIGN_STYLE = Automatic;
				CURRENT_PROJECT_VERSION = 1;
				DEVELOPMENT_TEAM = 48KV35Y6PN;
				GENERATE_INFOPLIST_FILE = YES;
				MACOSX_DEPLOYMENT_TARGET = 14.5;
				MARKETING_VERSION = 1.0;
				PRODUCT_BUNDLE_IDENTIFIER = dev.zeroindex.PlanTests;
				PRODUCT_NAME = "$(TARGET_NAME)";
				SWIFT_EMIT_LOC_STRINGS = NO;
				SWIFT_VERSION = 5.0;
				TEST_HOST = "$(BUILT_PRODUCTS_DIR)/Plan.app/$(BUNDLE_EXECUTABLE_FOLDER_PATH)/Plan";
			};
			name = Release;
		};
		4C298E7D2C5FDC2100474956 /* Debug */ = {
			isa = XCBuildConfiguration;
			buildSettings = {
				ALWAYS_EMBED_SWIFT_STANDARD_LIBRARIES = YES;
				CODE_SIGN_STYLE = Automatic;
				CURRENT_PROJECT_VERSION = 1;
				DEVELOPMENT_TEAM = 48KV35Y6PN;
				GENERATE_INFOPLIST_FILE = YES;
				MARKETING_VERSION = 1.0;
				PRODUCT_BUNDLE_IDENTIFIER = dev.zeroindex.PlanUITests;
				PRODUCT_NAME = "$(TARGET_NAME)";
				SWIFT_EMIT_LOC_STRINGS = NO;
				SWIFT_VERSION = 5.0;
				TEST_TARGET_NAME = Plan;
			};
			name = Debug;
		};
		4C298E7E2C5FDC2100474956 /* Release */ = {
			isa = XCBuildConfiguration;
			buildSettings = {
				ALWAYS_EMBED_SWIFT_STANDARD_LIBRARIES = YES;
				CODE_SIGN_STYLE = Automatic;
				CURRENT_PROJECT_VERSION = 1;
				DEVELOPMENT_TEAM = 48KV35Y6PN;
				GENERATE_INFOPLIST_FILE = YES;
				MARKETING_VERSION = 1.0;
				PRODUCT_BUNDLE_IDENTIFIER = dev.zeroindex.PlanUITests;
				PRODUCT_NAME = "$(TARGET_NAME)";
				SWIFT_EMIT_LOC_STRINGS = NO;
				SWIFT_VERSION = 5.0;
				TEST_TARGET_NAME = Plan;
			};
			name = Release;
		};
/* End XCBuildConfiguration section */

/* Begin XCConfigurationList section */
		4C298E492C5FDC2000474956 /* Build configuration list for PBXProject "Plan" */ = {
			isa = XCConfigurationList;
			buildConfigurations = (
				4C298E742C5FDC2100474956 /* Debug */,
				4C298E752C5FDC2100474956 /* Release */,
			);
			defaultConfigurationIsVisible = 0;
			defaultConfigurationName = Release;
		};
		4C298E762C5FDC2100474956 /* Build configuration list for PBXNativeTarget "Plan" */ = {
			isa = XCConfigurationList;
			buildConfigurations = (
				4C298E772C5FDC2100474956 /* Debug */,
				4C298E782C5FDC2100474956 /* Release */,
			);
			defaultConfigurationIsVisible = 0;
			defaultConfigurationName = Release;
		};
		4C298E792C5FDC2100474956 /* Build configuration list for PBXNativeTarget "PlanTests" */ = {
			isa = XCConfigurationList;
			buildConfigurations = (
				4C298E7A2C5FDC2100474956 /* Debug */,
				4C298E7B2C5FDC2100474956 /* Release */,
			);
			defaultConfigurationIsVisible = 0;
			defaultConfigurationName = Release;
		};
		4C298E7C2C5FDC2100474956 /* Build configuration list for PBXNativeTarget "PlanUITests" */ = {
			isa = XCConfigurationList;
			buildConfigurations = (
				4C298E7D2C5FDC2100474956 /* Debug */,
				4C298E7E2C5FDC2100474956 /* Release */,
			);
			defaultConfigurationIsVisible = 0;
			defaultConfigurationName = Release;
		};
/* End XCConfigurationList section */
	};
	rootObject = 4C298E462C5FDC2000474956 /* Project object */;
}
